Microsoft Visual Studio Solution File, Format Version 12.00
# Visual Studio 14
VisualStudioVersion = 14.0.23107.0
MinimumVisualStudioVersion = 10.0.40219.1
Project("{FAE04EC0-301F-11D3-BF4B-00C04F79EFBC}") = "RibbonControlsLibrary", "RibbonControlsLibrary\v4.0\RibbonControlsLibrary.csproj", "{2CA5E547-4567-45C9-8240-A408BCA5C714}"
EndProject
Project("{FAE04EC0-301F-11D3-BF4B-00C04F79EFBC}") = "UpdateManager", "UpdateManager\UpdateManager.csproj", "{D0AA701B-3CF6-4AEE-8FCF-12B77C082DDA}"
EndProject
Project("{FAE04EC0-301F-11D3-BF4B-00C04F79EFBC}") = "UpdateXmlCreator", "UpdateXmlCreator\UpdateXmlCreator.csproj", "{3EA8A7A3-D749-4C50-8563-EDB6D68C4C6D}"
EndProject
Project("{FAE04EC0-301F-11D3-BF4B-00C04F79EFBC}") = "RecurrenceGenerator", "RecurrenceGenerator\RecurrenceGenerator.csproj", "{CB580CB9-6597-4EDB-AA6C-B44F5AED87CE}"
EndProject
Project("{FAE04EC0-301F-11D3-BF4B-00C04F79EFBC}") = "Gma.UserActivityMonitor", "Color Picker\Gma.UserActivityMonitor\Gma.UserActivityMonitor.csproj", "{F52AA97E-180A-40ED-8F2B-09080171D6C7}"
EndProject
Project("{FAE04EC0-301F-11D3-BF4B-00C04F79EFBC}") = "Daytimer.Toasts", "Daytimer.Toasts\Daytimer.Toasts.csproj", "{08EE6A93-25AF-44E9-810D-0A5CBA3F9FE5}"
EndProject
Project("{2150E333-8FDC-42A3-9474-1A3956D46DE8}") = "Installer", "Installer", "{759F43F9-0284-478C-9E7E-252FAE6DE97B}"
EndProject
Project("{2150E333-8FDC-42A3-9474-1A3956D46DE8}") = "Standalone Libraries", "Standalone Libraries", "{EC0446D4-99FD-45B2-9580-0D833AA20531}"
EndProject
Project("{2150E333-8FDC-42A3-9474-1A3956D46DE8}") = "Updates", "Updates", "{52CE1917-FE36-4049-934F-76E3559A3ECD}"
EndProject
Project("{FAE04EC0-301F-11D3-BF4B-00C04F79EFBC}") = "Daytimer.Help", "Daytimer.Help\Daytimer.Help.csproj", "{BFD27DB0-3D73-481B-B52F-1DA091FC13C0}"
EndProject
Project("{FAE04EC0-301F-11D3-BF4B-00C04F79EFBC}") = "Daytimer.ICalendarHelpers", "Daytimer.ICalendarHelpers\Daytimer.ICalendarHelpers.csproj", "{6484DF9D-8C43-474D-9929-10FB21EBFE43}"
EndProject
Project("{FAE04EC0-301F-11D3-BF4B-00C04F79EFBC}") = "Daytimer.MailHelpers", "Daytimer.MailHelpers\Daytimer.MailHelpers.csproj", "{F31F965E-5629-4077-B54E-571F75105CCB}"
EndProject
Project("{2150E333-8FDC-42A3-9474-1A3956D46DE8}") = "DDay.iCal", "DDay.iCal", "{CDDFEA5B-49F9-4CD2-8117-57541A9F0A55}"
EndProject
Project("{FAE04EC0-301F-11D3-BF4B-00C04F79EFBC}") = "DDay.Collections", "DDay.iCal\DDay.Collections\DDay.Collections\DDay.Collections.csproj", "{E04EFEB6-4625-4D58-AC91-7B8B8A2C97BB}"
EndProject
Project("{FAE04EC0-301F-11D3-BF4B-00C04F79EFBC}") = "DDay.iCal", "DDay.iCal\DDay.iCal\DDay.iCal.csproj", "{F88DB6D3-CB95-4707-9C88-B53403AADC61}"
EndProject
Project("{FAE04EC0-301F-11D3-BF4B-00C04F79EFBC}") = "Daytimer.DockableDialogs", "Daytimer.DockableDialogs\Daytimer.DockableDialogs.csproj", "{758AF3A2-C546-41C5-B286-6592383D7A6F}"
EndProject
Project("{FAE04EC0-301F-11D3-BF4B-00C04F79EFBC}") = "CoreAudioApi", "CoreAudioApi\CoreAudioApi.csproj", "{9F1076AA-63DF-4128-9C10-FD65E425C783}"
EndProject
Project("{FAE04EC0-301F-11D3-BF4B-00C04F79EFBC}") = "AddressParser", "USAAddressParser\AddressParser\AddressParser.csproj", "{FCEBD207-0C18-4D92-974C-C7A615AC7DEE}"
EndProject
Project("{8BC9CEB8-8B4A-11D0-8D11-00A0C91BC942}") = "JumpTaskImages", "JumpTaskImages\JumpTaskImages.vcxproj", "{E980F2D5-D260-4727-87EC-C9028E31DCB8}"
EndProject
Project("{8BC9CEB8-8B4A-11D0-8D11-00A0C91BC942}") = "SetupLauncher", "Setup\SetupLauncher\SetupLauncher.vcxproj", "{DCC977DA-9542-4AEA-A26D-A346702482D3}"
	ProjectSection(ProjectDependencies) = postProject
		{1160FD7C-B151-4EF9-8CF4-147F81360026} = {1160FD7C-B151-4EF9-8CF4-147F81360026}
	EndProjectSection
EndProject
Project("{FAE04EC0-301F-11D3-BF4B-00C04F79EFBC}") = "FirstRun", "FirstRun\FirstRun.csproj", "{1FD2E7E5-5DC5-4B7C-9D0C-65A633578D58}"
EndProject
Project("{2150E333-8FDC-42A3-9474-1A3956D46DE8}") = "Tests", "Tests", "{04F1E1BE-BAAE-4453-85D5-F9B74151ECD2}"
EndProject
Project("{FAE04EC0-301F-11D3-BF4B-00C04F79EFBC}") = "Daytimer.GoogleMapHelpers", "Daytimer.GoogleMapHelpers\Daytimer.GoogleMapHelpers.csproj", "{778ADBE9-5123-4CD6-8695-97F29B6E228A}"
EndProject
Project("{FAE04EC0-301F-11D3-BF4B-00C04F79EFBC}") = "Daytimer.GoogleContactHelpers", "Daytimer.GoogleContactHelpers\Daytimer.GoogleContactHelpers.csproj", "{0EF584B0-2206-4A67-932B-7518C40E4576}"
EndProject
Project("{FAE04EC0-301F-11D3-BF4B-00C04F79EFBC}") = "Daytimer.PrintHelpers", "Daytimer.PrintHelpers\Daytimer.PrintHelpers.csproj", "{06A1D65E-0A5F-456C-89B9-68A2CC614EEF}"
EndProject
Project("{FAE04EC0-301F-11D3-BF4B-00C04F79EFBC}") = "Daytimer.Controls.Test", "Tests\Daytimer.Controls.Test\Daytimer.Controls.Test.csproj", "{068C06C6-3E8D-469C-AEC2-3A5500169989}"
EndProject
Project("{FAE04EC0-301F-11D3-BF4B-00C04F79EFBC}") = "Daytimer.PrintHelpers.Test", "Tests\Daytimer.PrintHelpers.Test\Daytimer.PrintHelpers.Test.csproj", "{313F3EAC-167F-4A15-85B7-DE649B722423}"
EndProject
Project("{FAE04EC0-301F-11D3-BF4B-00C04F79EFBC}") = "Daytimer.DatabaseHelpers.Test", "Tests\Daytimer.DatabaseHelpers.Test\Daytimer.DatabaseHelpers.Test.csproj", "{540A214E-613D-40D3-8695-D823CCD8D5D1}"
EndProject
Project("{FAE04EC0-301F-11D3-BF4B-00C04F79EFBC}") = "Daytimer.Toasts.Test", "Tests\Daytimer.Toasts.Test\Daytimer.Toasts.Test.csproj", "{99DE1B90-05AD-4A82-9E0A-C5755EA1A204}"
EndProject
Project("{FAE04EC0-301F-11D3-BF4B-00C04F79EFBC}") = "Daytimer.Functions.Test", "Tests\Daytimer.Functions.Test\Daytimer.Functions.Test.csproj", "{2CC51B79-9F2F-4620-9415-1641F8C9B2A4}"
EndProject
Project("{FAE04EC0-301F-11D3-BF4B-00C04F79EFBC}") = "Setup", "Setup\Setup\Setup.csproj", "{1160FD7C-B151-4EF9-8CF4-147F81360026}"
EndProject
Project("{FAE04EC0-301F-11D3-BF4B-00C04F79EFBC}") = "SetupDependencies", "Setup\SetupDependencies\SetupDependencies.csproj", "{4E45DFCA-D3F2-46FD-936E-A11CBA89B0A1}"
	ProjectSection(ProjectDependencies) = postProject
		{D0AA701B-3CF6-4AEE-8FCF-12B77C082DDA} = {D0AA701B-3CF6-4AEE-8FCF-12B77C082DDA}
		{D5ED2B83-0B74-4128-9007-00C32285948A} = {D5ED2B83-0B74-4128-9007-00C32285948A}
		{1FD2E7E5-5DC5-4B7C-9D0C-65A633578D58} = {1FD2E7E5-5DC5-4B7C-9D0C-65A633578D58}
	EndProjectSection
EndProject
Project("{FAE04EC0-301F-11D3-BF4B-00C04F79EFBC}") = "CharMap", "CharMap\CharMap.csproj", "{5F899333-2DC2-4B9C-8DB5-005185F8CD73}"
EndProject
Project("{FAE04EC0-301F-11D3-BF4B-00C04F79EFBC}") = "colorpickerlib", "Color Picker\colorpickerlib\colorpickerlib.csproj", "{99E90579-62FC-4898-B168-24F7DBD3A34D}"
EndProject
Project("{FAE04EC0-301F-11D3-BF4B-00C04F79EFBC}") = "Daytimer", "Daytimer\Daytimer.csproj", "{D5ED2B83-0B74-4128-9007-00C32285948A}"
EndProject
Project("{FAE04EC0-301F-11D3-BF4B-00C04F79EFBC}") = "Daytimer.Backgrounds", "Daytimer.Backgrounds\Daytimer.Backgrounds.csproj", "{DD70B715-D894-4563-AA46-0DA8D1DB57B7}"
EndProject
Project("{FAE04EC0-301F-11D3-BF4B-00C04F79EFBC}") = "Daytimer.Controls", "Daytimer.Controls\Daytimer.Controls.csproj", "{4FA85921-A657-4967-BEAB-81CBCE27554F}"
EndProject
Project("{FAE04EC0-301F-11D3-BF4B-00C04F79EFBC}") = "Daytimer.DatabaseHelpers", "Daytimer.DatabaseHelpers\Daytimer.DatabaseHelpers.csproj", "{B8E9A90C-49C4-4816-80CE-3CF15B28FBD9}"
EndProject
Project("{FAE04EC0-301F-11D3-BF4B-00C04F79EFBC}") = "Daytimer.Dialogs", "Daytimer.Dialogs\Daytimer.Dialogs.csproj", "{74CA8CFA-BB30-48EA-8832-546D659D8468}"
EndProject
Project("{FAE04EC0-301F-11D3-BF4B-00C04F79EFBC}") = "Daytimer.Fonts", "Daytimer.Fonts\Daytimer.Fonts.csproj", "{96BE94CB-F3E5-4D4D-B391-75584D17FEE3}"
EndProject
Project("{FAE04EC0-301F-11D3-BF4B-00C04F79EFBC}") = "Daytimer.Functions", "Daytimer.Functions\Daytimer.Functions.csproj", "{98731C67-3C15-4790-99B9-97EC65FCE1AD}"
EndProject
Project("{FAE04EC0-301F-11D3-BF4B-00C04F79EFBC}") = "Daytimer.Fundamentals", "Daytimer.Fundamentals\Daytimer.Fundamentals.csproj", "{FC0AD608-7D06-4C71-A54A-CCBA82450ABF}"
EndProject
Project("{FAE04EC0-301F-11D3-BF4B-00C04F79EFBC}") = "Daytimer.GoogleCalendarHelpers", "Daytimer.GoogleCalendarHelpers\Daytimer.GoogleCalendarHelpers.csproj", "{44B5710E-6FAF-42A3-AC71-12831523FEDF}"
EndProject
Project("{FAE04EC0-301F-11D3-BF4B-00C04F79EFBC}") = "Daytimer.Images", "Daytimer.Images\Daytimer.Images.csproj", "{74EB4A97-A7EC-4D51-9FAB-80E15AE52605}"
EndProject
Project("{FAE04EC0-301F-11D3-BF4B-00C04F79EFBC}") = "Daytimer.Search", "Daytimer.Search\Daytimer.Search.csproj", "{03CD418A-C1E8-4EC3-8C9D-760060B49B23}"
EndProject
Project("{FAE04EC0-301F-11D3-BF4B-00C04F79EFBC}") = "Daytimer.Styles", "Daytimer.Styles\Daytimer.Styles.csproj", "{8AC733A1-FF56-4DDF-A0CD-5E0AE9744E58}"
EndProject
Project("{2150E333-8FDC-42A3-9474-1A3956D46DE8}") = "Solution Items", "Solution Items", "{48FFB9FF-6BDC-455D-B396-F965A9ABA165}"
	ProjectSection(SolutionItems) = preProject
		codeplex-home.html = codeplex-home.html
		Performance.psess = Performance.psess
	EndProjectSection
EndProject
Project("{2150E333-8FDC-42A3-9474-1A3956D46DE8}") = "Demo", "Demo", "{5472C51A-4FCE-415D-AA5F-CE2521472CBC}"
EndProject
Project("{FAE04EC0-301F-11D3-BF4B-00C04F79EFBC}") = "Demo.Main", "Demo\Demo.Main\Demo.Main.csproj", "{796449B6-F3BA-4ADD-B213-656DC93ECB8C}"
EndProject
Project("{FAE04EC0-301F-11D3-BF4B-00C04F79EFBC}") = "Daytimer.Logic", "Daytimer.Logic\Daytimer.Logic.csproj", "{28A4435D-A627-4985-B81F-2B9DD6DFADE6}"
EndProject
Project("{FAE04EC0-301F-11D3-BF4B-00C04F79EFBC}") = "Thought.vCards", "Thought.vCards\Thought.vCards\Thought.vCards.csproj", "{A53D3CEB-F7AF-41AB-AA04-4D3CF684BBAF}"
EndProject
Project("{FAE04EC0-301F-11D3-BF4B-00C04F79EFBC}") = "Modern.FileBrowser", "Modern\Modern.FileBrowser\Modern.FileBrowser.csproj", "{049D9540-D5FF-40EB-A7F9-A1E7DC5B5C6B}"
EndProject
Project("{FAE04EC0-301F-11D3-BF4B-00C04F79EFBC}") = "Daytimer.WikiQuoteHelper", "Daytimer.WikiQuoteHelper\Daytimer.WikiQuoteHelper.csproj", "{DD8C3148-D7BA-4159-A5CD-BC7E1A0D49B7}"
EndProject
Project("{FAE04EC0-301F-11D3-BF4B-00C04F79EFBC}") = "Daytimer.Functions.UITest", "Tests\Daytimer.Functions.UITest\Daytimer.Functions.UITest.csproj", "{D9F26F2A-7E7D-44ED-9A37-947552BF6D13}"
EndProject
Global
	GlobalSection(SolutionConfigurationPlatforms) = preSolution
		Debug|Any CPU = Debug|Any CPU
		Debug|Mixed Platforms = Debug|Mixed Platforms
		Debug|Win32 = Debug|Win32
		Debug|x86 = Debug|x86
		Release|Any CPU = Release|Any CPU
		Release|Mixed Platforms = Release|Mixed Platforms
		Release|Win32 = Release|Win32
		Release|x86 = Release|x86
	EndGlobalSection
	GlobalSection(ProjectConfigurationPlatforms) = postSolution
		{2CA5E547-4567-45C9-8240-A408BCA5C714}.Debug|Any CPU.ActiveCfg = Debug|Any CPU
		{2CA5E547-4567-45C9-8240-A408BCA5C714}.Debug|Any CPU.Build.0 = Debug|Any CPU
		{2CA5E547-4567-45C9-8240-A408BCA5C714}.Debug|Mixed Platforms.ActiveCfg = Debug|Any CPU
		{2CA5E547-4567-45C9-8240-A408BCA5C714}.Debug|Mixed Platforms.Build.0 = Debug|Any CPU
		{2CA5E547-4567-45C9-8240-A408BCA5C714}.Debug|Win32.ActiveCfg = Debug|Any CPU
		{2CA5E547-4567-45C9-8240-A408BCA5C714}.Debug|x86.ActiveCfg = Debug|Any CPU
		{2CA5E547-4567-45C9-8240-A408BCA5C714}.Release|Any CPU.ActiveCfg = Debug|Any CPU
		{2CA5E547-4567-45C9-8240-A408BCA5C714}.Release|Any CPU.Build.0 = Debug|Any CPU
		{2CA5E547-4567-45C9-8240-A408BCA5C714}.Release|Mixed Platforms.ActiveCfg = Release|Any CPU
		{2CA5E547-4567-45C9-8240-A408BCA5C714}.Release|Mixed Platforms.Build.0 = Release|Any CPU
		{2CA5E547-4567-45C9-8240-A408BCA5C714}.Release|Win32.ActiveCfg = Release|Any CPU
		{2CA5E547-4567-45C9-8240-A408BCA5C714}.Release|x86.ActiveCfg = Debug|Any CPU
		{D0AA701B-3CF6-4AEE-8FCF-12B77C082DDA}.Debug|Any CPU.ActiveCfg = Debug|Any CPU
		{D0AA701B-3CF6-4AEE-8FCF-12B77C082DDA}.Debug|Any CPU.Build.0 = Debug|Any CPU
		{D0AA701B-3CF6-4AEE-8FCF-12B77C082DDA}.Debug|Mixed Platforms.ActiveCfg = Debug|Any CPU
		{D0AA701B-3CF6-4AEE-8FCF-12B77C082DDA}.Debug|Mixed Platforms.Build.0 = Debug|Any CPU
		{D0AA701B-3CF6-4AEE-8FCF-12B77C082DDA}.Debug|Win32.ActiveCfg = Debug|Any CPU
		{D0AA701B-3CF6-4AEE-8FCF-12B77C082DDA}.Debug|x86.ActiveCfg = Debug|Any CPU
		{D0AA701B-3CF6-4AEE-8FCF-12B77C082DDA}.Release|Any CPU.ActiveCfg = Debug|Any CPU
		{D0AA701B-3CF6-4AEE-8FCF-12B77C082DDA}.Release|Any CPU.Build.0 = Debug|Any CPU
		{D0AA701B-3CF6-4AEE-8FCF-12B77C082DDA}.Release|Mixed Platforms.ActiveCfg = Release|Any CPU
		{D0AA701B-3CF6-4AEE-8FCF-12B77C082DDA}.Release|Mixed Platforms.Build.0 = Release|Any CPU
		{D0AA701B-3CF6-4AEE-8FCF-12B77C082DDA}.Release|Win32.ActiveCfg = Release|Any CPU
		{D0AA701B-3CF6-4AEE-8FCF-12B77C082DDA}.Release|x86.ActiveCfg = Debug|Any CPU
		{3EA8A7A3-D749-4C50-8563-EDB6D68C4C6D}.Debug|Any CPU.ActiveCfg = Debug|Any CPU
		{3EA8A7A3-D749-4C50-8563-EDB6D68C4C6D}.Debug|Any CPU.Build.0 = Debug|Any CPU
		{3EA8A7A3-D749-4C50-8563-EDB6D68C4C6D}.Debug|Mixed Platforms.ActiveCfg = Debug|Any CPU
		{3EA8A7A3-D749-4C50-8563-EDB6D68C4C6D}.Debug|Mixed Platforms.Build.0 = Debug|Any CPU
		{3EA8A7A3-D749-4C50-8563-EDB6D68C4C6D}.Debug|Win32.ActiveCfg = Debug|Any CPU
		{3EA8A7A3-D749-4C50-8563-EDB6D68C4C6D}.Debug|x86.ActiveCfg = Debug|Any CPU
		{3EA8A7A3-D749-4C50-8563-EDB6D68C4C6D}.Release|Any CPU.ActiveCfg = Debug|Any CPU
		{3EA8A7A3-D749-4C50-8563-EDB6D68C4C6D}.Release|Any CPU.Build.0 = Debug|Any CPU
		{3EA8A7A3-D749-4C50-8563-EDB6D68C4C6D}.Release|Mixed Platforms.ActiveCfg = Debug|Any CPU
		{3EA8A7A3-D749-4C50-8563-EDB6D68C4C6D}.Release|Mixed Platforms.Build.0 = Debug|Any CPU
		{3EA8A7A3-D749-4C50-8563-EDB6D68C4C6D}.Release|Win32.ActiveCfg = Debug|Any CPU
		{3EA8A7A3-D749-4C50-8563-EDB6D68C4C6D}.Release|x86.ActiveCfg = Debug|Any CPU
		{CB580CB9-6597-4EDB-AA6C-B44F5AED87CE}.Debug|Any CPU.ActiveCfg = Debug|Any CPU
		{CB580CB9-6597-4EDB-AA6C-B44F5AED87CE}.Debug|Any CPU.Build.0 = Debug|Any CPU
		{CB580CB9-6597-4EDB-AA6C-B44F5AED87CE}.Debug|Mixed Platforms.ActiveCfg = Debug|Any CPU
		{CB580CB9-6597-4EDB-AA6C-B44F5AED87CE}.Debug|Mixed Platforms.Build.0 = Debug|Any CPU
		{CB580CB9-6597-4EDB-AA6C-B44F5AED87CE}.Debug|Win32.ActiveCfg = Debug|Any CPU
		{CB580CB9-6597-4EDB-AA6C-B44F5AED87CE}.Debug|x86.ActiveCfg = Debug|Any CPU
		{CB580CB9-6597-4EDB-AA6C-B44F5AED87CE}.Release|Any CPU.ActiveCfg = Debug|Any CPU
		{CB580CB9-6597-4EDB-AA6C-B44F5AED87CE}.Release|Any CPU.Build.0 = Debug|Any CPU
		{CB580CB9-6597-4EDB-AA6C-B44F5AED87CE}.Release|Mixed Platforms.ActiveCfg = Release|Any CPU
		{CB580CB9-6597-4EDB-AA6C-B44F5AED87CE}.Release|Mixed Platforms.Build.0 = Release|Any CPU
		{CB580CB9-6597-4EDB-AA6C-B44F5AED87CE}.Release|Win32.ActiveCfg = Release|Any CPU
		{CB580CB9-6597-4EDB-AA6C-B44F5AED87CE}.Release|x86.ActiveCfg = Debug|Any CPU
		{F52AA97E-180A-40ED-8F2B-09080171D6C7}.Debug|Any CPU.ActiveCfg = Debug|Any CPU
		{F52AA97E-180A-40ED-8F2B-09080171D6C7}.Debug|Any CPU.Build.0 = Debug|Any CPU
		{F52AA97E-180A-40ED-8F2B-09080171D6C7}.Debug|Mixed Platforms.ActiveCfg = Debug|Any CPU
		{F52AA97E-180A-40ED-8F2B-09080171D6C7}.Debug|Mixed Platforms.Build.0 = Debug|Any CPU
		{F52AA97E-180A-40ED-8F2B-09080171D6C7}.Debug|Win32.ActiveCfg = Debug|Any CPU
		{F52AA97E-180A-40ED-8F2B-09080171D6C7}.Debug|x86.ActiveCfg = Debug|Any CPU
		{F52AA97E-180A-40ED-8F2B-09080171D6C7}.Release|Any CPU.ActiveCfg = Debug|Any CPU
		{F52AA97E-180A-40ED-8F2B-09080171D6C7}.Release|Any CPU.Build.0 = Debug|Any CPU
		{F52AA97E-180A-40ED-8F2B-09080171D6C7}.Release|Mixed Platforms.ActiveCfg = Release|Any CPU
		{F52AA97E-180A-40ED-8F2B-09080171D6C7}.Release|Mixed Platforms.Build.0 = Release|Any CPU
		{F52AA97E-180A-40ED-8F2B-09080171D6C7}.Release|Win32.ActiveCfg = Release|Any CPU
		{F52AA97E-180A-40ED-8F2B-09080171D6C7}.Release|x86.ActiveCfg = Debug|Any CPU
		{08EE6A93-25AF-44E9-810D-0A5CBA3F9FE5}.Debug|Any CPU.ActiveCfg = Debug|Any CPU
		{08EE6A93-25AF-44E9-810D-0A5CBA3F9FE5}.Debug|Any CPU.Build.0 = Debug|Any CPU
		{08EE6A93-25AF-44E9-810D-0A5CBA3F9FE5}.Debug|Mixed Platforms.ActiveCfg = Debug|Any CPU
		{08EE6A93-25AF-44E9-810D-0A5CBA3F9FE5}.Debug|Mixed Platforms.Build.0 = Debug|Any CPU
		{08EE6A93-25AF-44E9-810D-0A5CBA3F9FE5}.Debug|Win32.ActiveCfg = Debug|Any CPU
		{08EE6A93-25AF-44E9-810D-0A5CBA3F9FE5}.Debug|x86.ActiveCfg = Debug|Any CPU
		{08EE6A93-25AF-44E9-810D-0A5CBA3F9FE5}.Release|Any CPU.ActiveCfg = Debug|Any CPU
		{08EE6A93-25AF-44E9-810D-0A5CBA3F9FE5}.Release|Any CPU.Build.0 = Debug|Any CPU
		{08EE6A93-25AF-44E9-810D-0A5CBA3F9FE5}.Release|Mixed Platforms.ActiveCfg = Release|Any CPU
		{08EE6A93-25AF-44E9-810D-0A5CBA3F9FE5}.Release|Mixed Platforms.Build.0 = Release|Any CPU
		{08EE6A93-25AF-44E9-810D-0A5CBA3F9FE5}.Release|Win32.ActiveCfg = Release|Any CPU
		{08EE6A93-25AF-44E9-810D-0A5CBA3F9FE5}.Release|x86.ActiveCfg = Debug|Any CPU
		{BFD27DB0-3D73-481B-B52F-1DA091FC13C0}.Debug|Any CPU.ActiveCfg = Debug|Any CPU
		{BFD27DB0-3D73-481B-B52F-1DA091FC13C0}.Debug|Any CPU.Build.0 = Debug|Any CPU
		{BFD27DB0-3D73-481B-B52F-1DA091FC13C0}.Debug|Mixed Platforms.ActiveCfg = Debug|Any CPU
		{BFD27DB0-3D73-481B-B52F-1DA091FC13C0}.Debug|Mixed Platforms.Build.0 = Debug|Any CPU
		{BFD27DB0-3D73-481B-B52F-1DA091FC13C0}.Debug|Win32.ActiveCfg = Debug|Any CPU
		{BFD27DB0-3D73-481B-B52F-1DA091FC13C0}.Debug|x86.ActiveCfg = Debug|Any CPU
		{BFD27DB0-3D73-481B-B52F-1DA091FC13C0}.Release|Any CPU.ActiveCfg = Debug|Any CPU
		{BFD27DB0-3D73-481B-B52F-1DA091FC13C0}.Release|Any CPU.Build.0 = Debug|Any CPU
		{BFD27DB0-3D73-481B-B52F-1DA091FC13C0}.Release|Mixed Platforms.ActiveCfg = Release|Any CPU
		{BFD27DB0-3D73-481B-B52F-1DA091FC13C0}.Release|Mixed Platforms.Build.0 = Release|Any CPU
		{BFD27DB0-3D73-481B-B52F-1DA091FC13C0}.Release|Win32.ActiveCfg = Release|Any CPU
		{BFD27DB0-3D73-481B-B52F-1DA091FC13C0}.Release|x86.ActiveCfg = Debug|Any CPU
		{6484DF9D-8C43-474D-9929-10FB21EBFE43}.Debug|Any CPU.ActiveCfg = Debug|Any CPU
		{6484DF9D-8C43-474D-9929-10FB21EBFE43}.Debug|Any CPU.Build.0 = Debug|Any CPU
		{6484DF9D-8C43-474D-9929-10FB21EBFE43}.Debug|Mixed Platforms.ActiveCfg = Debug|Any CPU
		{6484DF9D-8C43-474D-9929-10FB21EBFE43}.Debug|Mixed Platforms.Build.0 = Debug|Any CPU
		{6484DF9D-8C43-474D-9929-10FB21EBFE43}.Debug|Win32.ActiveCfg = Debug|Any CPU
		{6484DF9D-8C43-474D-9929-10FB21EBFE43}.Debug|x86.ActiveCfg = Debug|Any CPU
		{6484DF9D-8C43-474D-9929-10FB21EBFE43}.Release|Any CPU.ActiveCfg = Debug|Any CPU
		{6484DF9D-8C43-474D-9929-10FB21EBFE43}.Release|Any CPU.Build.0 = Debug|Any CPU
		{6484DF9D-8C43-474D-9929-10FB21EBFE43}.Release|Mixed Platforms.ActiveCfg = Release|Any CPU
		{6484DF9D-8C43-474D-9929-10FB21EBFE43}.Release|Mixed Platforms.Build.0 = Release|Any CPU
		{6484DF9D-8C43-474D-9929-10FB21EBFE43}.Release|Win32.ActiveCfg = Release|Any CPU
		{6484DF9D-8C43-474D-9929-10FB21EBFE43}.Release|x86.ActiveCfg = Debug|Any CPU
		{F31F965E-5629-4077-B54E-571F75105CCB}.Debug|Any CPU.ActiveCfg = Debug|Any CPU
		{F31F965E-5629-4077-B54E-571F75105CCB}.Debug|Any CPU.Build.0 = Debug|Any CPU
		{F31F965E-5629-4077-B54E-571F75105CCB}.Debug|Mixed Platforms.ActiveCfg = Debug|Any CPU
		{F31F965E-5629-4077-B54E-571F75105CCB}.Debug|Mixed Platforms.Build.0 = Debug|Any CPU
		{F31F965E-5629-4077-B54E-571F75105CCB}.Debug|Win32.ActiveCfg = Debug|Any CPU
		{F31F965E-5629-4077-B54E-571F75105CCB}.Debug|x86.ActiveCfg = Debug|Any CPU
		{F31F965E-5629-4077-B54E-571F75105CCB}.Release|Any CPU.ActiveCfg = Release|Any CPU
		{F31F965E-5629-4077-B54E-571F75105CCB}.Release|Any CPU.Build.0 = Release|Any CPU
		{F31F965E-5629-4077-B54E-571F75105CCB}.Release|Mixed Platforms.ActiveCfg = Release|Any CPU
		{F31F965E-5629-4077-B54E-571F75105CCB}.Release|Mixed Platforms.Build.0 = Release|Any CPU
		{F31F965E-5629-4077-B54E-571F75105CCB}.Release|Win32.ActiveCfg = Release|Any CPU
		{F31F965E-5629-4077-B54E-571F75105CCB}.Release|x86.ActiveCfg = Release|Any CPU
		{E04EFEB6-4625-4D58-AC91-7B8B8A2C97BB}.Debug|Any CPU.ActiveCfg = Debug|Any CPU
		{E04EFEB6-4625-4D58-AC91-7B8B8A2C97BB}.Debug|Any CPU.Build.0 = Debug|Any CPU
		{E04EFEB6-4625-4D58-AC91-7B8B8A2C97BB}.Debug|Mixed Platforms.ActiveCfg = Debug|Any CPU
		{E04EFEB6-4625-4D58-AC91-7B8B8A2C97BB}.Debug|Mixed Platforms.Build.0 = Debug|Any CPU
		{E04EFEB6-4625-4D58-AC91-7B8B8A2C97BB}.Debug|Win32.ActiveCfg = Debug|Any CPU
		{E04EFEB6-4625-4D58-AC91-7B8B8A2C97BB}.Debug|x86.ActiveCfg = Debug|Any CPU
		{E04EFEB6-4625-4D58-AC91-7B8B8A2C97BB}.Release|Any CPU.ActiveCfg = Debug|Any CPU
		{E04EFEB6-4625-4D58-AC91-7B8B8A2C97BB}.Release|Any CPU.Build.0 = Debug|Any CPU
		{E04EFEB6-4625-4D58-AC91-7B8B8A2C97BB}.Release|Mixed Platforms.ActiveCfg = Release|Any CPU
		{E04EFEB6-4625-4D58-AC91-7B8B8A2C97BB}.Release|Mixed Platforms.Build.0 = Release|Any CPU
		{E04EFEB6-4625-4D58-AC91-7B8B8A2C97BB}.Release|Win32.ActiveCfg = Release|Any CPU
		{E04EFEB6-4625-4D58-AC91-7B8B8A2C97BB}.Release|x86.ActiveCfg = Debug|Any CPU
		{F88DB6D3-CB95-4707-9C88-B53403AADC61}.Debug|Any CPU.ActiveCfg = Debug|Any CPU
		{F88DB6D3-CB95-4707-9C88-B53403AADC61}.Debug|Any CPU.Build.0 = Debug|Any CPU
		{F88DB6D3-CB95-4707-9C88-B53403AADC61}.Debug|Mixed Platforms.ActiveCfg = Debug|Any CPU
		{F88DB6D3-CB95-4707-9C88-B53403AADC61}.Debug|Mixed Platforms.Build.0 = Debug|Any CPU
		{F88DB6D3-CB95-4707-9C88-B53403AADC61}.Debug|Win32.ActiveCfg = Debug|Any CPU
		{F88DB6D3-CB95-4707-9C88-B53403AADC61}.Debug|x86.ActiveCfg = Debug|Any CPU
		{F88DB6D3-CB95-4707-9C88-B53403AADC61}.Release|Any CPU.ActiveCfg = Debug|Any CPU
		{F88DB6D3-CB95-4707-9C88-B53403AADC61}.Release|Any CPU.Build.0 = Debug|Any CPU
		{F88DB6D3-CB95-4707-9C88-B53403AADC61}.Release|Mixed Platforms.ActiveCfg = Release|Any CPU
		{F88DB6D3-CB95-4707-9C88-B53403AADC61}.Release|Mixed Platforms.Build.0 = Release|Any CPU
		{F88DB6D3-CB95-4707-9C88-B53403AADC61}.Release|Win32.ActiveCfg = Release|Any CPU
		{F88DB6D3-CB95-4707-9C88-B53403AADC61}.Release|x86.ActiveCfg = Debug|Any CPU
		{758AF3A2-C546-41C5-B286-6592383D7A6F}.Debug|Any CPU.ActiveCfg = Debug|Any CPU
		{758AF3A2-C546-41C5-B286-6592383D7A6F}.Debug|Any CPU.Build.0 = Debug|Any CPU
		{758AF3A2-C546-41C5-B286-6592383D7A6F}.Debug|Mixed Platforms.ActiveCfg = Debug|Any CPU
		{758AF3A2-C546-41C5-B286-6592383D7A6F}.Debug|Mixed Platforms.Build.0 = Debug|Any CPU
		{758AF3A2-C546-41C5-B286-6592383D7A6F}.Debug|Win32.ActiveCfg = Debug|Any CPU
		{758AF3A2-C546-41C5-B286-6592383D7A6F}.Debug|x86.ActiveCfg = Debug|Any CPU
		{758AF3A2-C546-41C5-B286-6592383D7A6F}.Release|Any CPU.ActiveCfg = Debug|Any CPU
		{758AF3A2-C546-41C5-B286-6592383D7A6F}.Release|Any CPU.Build.0 = Debug|Any CPU
		{758AF3A2-C546-41C5-B286-6592383D7A6F}.Release|Mixed Platforms.ActiveCfg = Release|Any CPU
		{758AF3A2-C546-41C5-B286-6592383D7A6F}.Release|Mixed Platforms.Build.0 = Release|Any CPU
		{758AF3A2-C546-41C5-B286-6592383D7A6F}.Release|Win32.ActiveCfg = Release|Any CPU
		{758AF3A2-C546-41C5-B286-6592383D7A6F}.Release|x86.ActiveCfg = Debug|Any CPU
		{9F1076AA-63DF-4128-9C10-FD65E425C783}.Debug|Any CPU.ActiveCfg = Debug|Any CPU
		{9F1076AA-63DF-4128-9C10-FD65E425C783}.Debug|Any CPU.Build.0 = Debug|Any CPU
		{9F1076AA-63DF-4128-9C10-FD65E425C783}.Debug|Mixed Platforms.ActiveCfg = Debug|Any CPU
		{9F1076AA-63DF-4128-9C10-FD65E425C783}.Debug|Mixed Platforms.Build.0 = Debug|Any CPU
		{9F1076AA-63DF-4128-9C10-FD65E425C783}.Debug|Win32.ActiveCfg = Debug|Any CPU
		{9F1076AA-63DF-4128-9C10-FD65E425C783}.Debug|x86.ActiveCfg = Debug|Any CPU
		{9F1076AA-63DF-4128-9C10-FD65E425C783}.Release|Any CPU.ActiveCfg = Debug|Any CPU
		{9F1076AA-63DF-4128-9C10-FD65E425C783}.Release|Any CPU.Build.0 = Debug|Any CPU
		{9F1076AA-63DF-4128-9C10-FD65E425C783}.Release|Mixed Platforms.ActiveCfg = Release|Any CPU
		{9F1076AA-63DF-4128-9C10-FD65E425C783}.Release|Mixed Platforms.Build.0 = Release|Any CPU
		{9F1076AA-63DF-4128-9C10-FD65E425C783}.Release|Win32.ActiveCfg = Release|Any CPU
		{9F1076AA-63DF-4128-9C10-FD65E425C783}.Release|x86.ActiveCfg = Debug|Any CPU
		{FCEBD207-0C18-4D92-974C-C7A615AC7DEE}.Debug|Any CPU.ActiveCfg = Debug|Any CPU
		{FCEBD207-0C18-4D92-974C-C7A615AC7DEE}.Debug|Any CPU.Build.0 = Debug|Any CPU
		{FCEBD207-0C18-4D92-974C-C7A615AC7DEE}.Debug|Mixed Platforms.ActiveCfg = Debug|Any CPU
		{FCEBD207-0C18-4D92-974C-C7A615AC7DEE}.Debug|Mixed Platforms.Build.0 = Debug|Any CPU
		{FCEBD207-0C18-4D92-974C-C7A615AC7DEE}.Debug|Win32.ActiveCfg = Debug|Any CPU
		{FCEBD207-0C18-4D92-974C-C7A615AC7DEE}.Debug|x86.ActiveCfg = Debug|Any CPU
		{FCEBD207-0C18-4D92-974C-C7A615AC7DEE}.Release|Any CPU.ActiveCfg = Debug|Any CPU
		{FCEBD207-0C18-4D92-974C-C7A615AC7DEE}.Release|Any CPU.Build.0 = Debug|Any CPU
		{FCEBD207-0C18-4D92-974C-C7A615AC7DEE}.Release|Mixed Platforms.ActiveCfg = Release|Any CPU
		{FCEBD207-0C18-4D92-974C-C7A615AC7DEE}.Release|Mixed Platforms.Build.0 = Release|Any CPU
		{FCEBD207-0C18-4D92-974C-C7A615AC7DEE}.Release|Win32.ActiveCfg = Release|Any CPU
		{FCEBD207-0C18-4D92-974C-C7A615AC7DEE}.Release|x86.ActiveCfg = Debug|Any CPU
		{E980F2D5-D260-4727-87EC-C9028E31DCB8}.Debug|Any CPU.ActiveCfg = Debug|Win32
		{E980F2D5-D260-4727-87EC-C9028E31DCB8}.Debug|Mixed Platforms.ActiveCfg = Debug|Win32
		{E980F2D5-D260-4727-87EC-C9028E31DCB8}.Debug|Mixed Platforms.Build.0 = Debug|Win32
		{E980F2D5-D260-4727-87EC-C9028E31DCB8}.Debug|Win32.ActiveCfg = Debug|Win32
		{E980F2D5-D260-4727-87EC-C9028E31DCB8}.Debug|Win32.Build.0 = Debug|Win32
		{E980F2D5-D260-4727-87EC-C9028E31DCB8}.Debug|x86.ActiveCfg = Debug|Win32
		{E980F2D5-D260-4727-87EC-C9028E31DCB8}.Debug|x86.Build.0 = Debug|Win32
		{E980F2D5-D260-4727-87EC-C9028E31DCB8}.Release|Any CPU.ActiveCfg = Release|Win32
		{E980F2D5-D260-4727-87EC-C9028E31DCB8}.Release|Mixed Platforms.ActiveCfg = Release|Win32
		{E980F2D5-D260-4727-87EC-C9028E31DCB8}.Release|Mixed Platforms.Build.0 = Release|Win32
		{E980F2D5-D260-4727-87EC-C9028E31DCB8}.Release|Win32.ActiveCfg = Release|Win32
		{E980F2D5-D260-4727-87EC-C9028E31DCB8}.Release|Win32.Build.0 = Release|Win32
		{E980F2D5-D260-4727-87EC-C9028E31DCB8}.Release|x86.ActiveCfg = Release|Win32
		{E980F2D5-D260-4727-87EC-C9028E31DCB8}.Release|x86.Build.0 = Release|Win32
		{DCC977DA-9542-4AEA-A26D-A346702482D3}.Debug|Any CPU.ActiveCfg = Debug|Win32
		{DCC977DA-9542-4AEA-A26D-A346702482D3}.Debug|Mixed Platforms.ActiveCfg = Debug|Win32
		{DCC977DA-9542-4AEA-A26D-A346702482D3}.Debug|Mixed Platforms.Build.0 = Debug|Win32
		{DCC977DA-9542-4AEA-A26D-A346702482D3}.Debug|Win32.ActiveCfg = Debug|Win32
		{DCC977DA-9542-4AEA-A26D-A346702482D3}.Debug|Win32.Build.0 = Debug|Win32
		{DCC977DA-9542-4AEA-A26D-A346702482D3}.Debug|x86.ActiveCfg = Debug|Win32
		{DCC977DA-9542-4AEA-A26D-A346702482D3}.Debug|x86.Build.0 = Debug|Win32
		{DCC977DA-9542-4AEA-A26D-A346702482D3}.Release|Any CPU.ActiveCfg = Release|Win32
		{DCC977DA-9542-4AEA-A26D-A346702482D3}.Release|Mixed Platforms.ActiveCfg = Release|Win32
		{DCC977DA-9542-4AEA-A26D-A346702482D3}.Release|Mixed Platforms.Build.0 = Release|Win32
		{DCC977DA-9542-4AEA-A26D-A346702482D3}.Release|Win32.ActiveCfg = Release|Win32
		{DCC977DA-9542-4AEA-A26D-A346702482D3}.Release|Win32.Build.0 = Release|Win32
		{DCC977DA-9542-4AEA-A26D-A346702482D3}.Release|x86.ActiveCfg = Release|Win32
		{DCC977DA-9542-4AEA-A26D-A346702482D3}.Release|x86.Build.0 = Release|Win32
		{1FD2E7E5-5DC5-4B7C-9D0C-65A633578D58}.Debug|Any CPU.ActiveCfg = Debug|Any CPU
		{1FD2E7E5-5DC5-4B7C-9D0C-65A633578D58}.Debug|Any CPU.Build.0 = Debug|Any CPU
		{1FD2E7E5-5DC5-4B7C-9D0C-65A633578D58}.Debug|Mixed Platforms.ActiveCfg = Debug|Any CPU
		{1FD2E7E5-5DC5-4B7C-9D0C-65A633578D58}.Debug|Mixed Platforms.Build.0 = Debug|Any CPU
		{1FD2E7E5-5DC5-4B7C-9D0C-65A633578D58}.Debug|Win32.ActiveCfg = Debug|Any CPU
		{1FD2E7E5-5DC5-4B7C-9D0C-65A633578D58}.Debug|x86.ActiveCfg = Debug|Any CPU
		{1FD2E7E5-5DC5-4B7C-9D0C-65A633578D58}.Release|Any CPU.ActiveCfg = Release|Any CPU
		{1FD2E7E5-5DC5-4B7C-9D0C-65A633578D58}.Release|Any CPU.Build.0 = Release|Any CPU
		{1FD2E7E5-5DC5-4B7C-9D0C-65A633578D58}.Release|Mixed Platforms.ActiveCfg = Release|Any CPU
		{1FD2E7E5-5DC5-4B7C-9D0C-65A633578D58}.Release|Mixed Platforms.Build.0 = Release|Any CPU
		{1FD2E7E5-5DC5-4B7C-9D0C-65A633578D58}.Release|Win32.ActiveCfg = Release|Any CPU
		{1FD2E7E5-5DC5-4B7C-9D0C-65A633578D58}.Release|x86.ActiveCfg = Release|Any CPU
		{778ADBE9-5123-4CD6-8695-97F29B6E228A}.Debug|Any CPU.ActiveCfg = Debug|Any CPU
		{778ADBE9-5123-4CD6-8695-97F29B6E228A}.Debug|Any CPU.Build.0 = Debug|Any CPU
		{778ADBE9-5123-4CD6-8695-97F29B6E228A}.Debug|Mixed Platforms.ActiveCfg = Debug|Any CPU
		{778ADBE9-5123-4CD6-8695-97F29B6E228A}.Debug|Mixed Platforms.Build.0 = Debug|Any CPU
		{778ADBE9-5123-4CD6-8695-97F29B6E228A}.Debug|Win32.ActiveCfg = Debug|Any CPU
		{778ADBE9-5123-4CD6-8695-97F29B6E228A}.Debug|x86.ActiveCfg = Debug|Any CPU
		{778ADBE9-5123-4CD6-8695-97F29B6E228A}.Release|Any CPU.ActiveCfg = Release|Any CPU
		{778ADBE9-5123-4CD6-8695-97F29B6E228A}.Release|Any CPU.Build.0 = Release|Any CPU
		{778ADBE9-5123-4CD6-8695-97F29B6E228A}.Release|Mixed Platforms.ActiveCfg = Release|Any CPU
		{778ADBE9-5123-4CD6-8695-97F29B6E228A}.Release|Mixed Platforms.Build.0 = Release|Any CPU
		{778ADBE9-5123-4CD6-8695-97F29B6E228A}.Release|Win32.ActiveCfg = Release|Any CPU
		{778ADBE9-5123-4CD6-8695-97F29B6E228A}.Release|x86.ActiveCfg = Release|Any CPU
		{0EF584B0-2206-4A67-932B-7518C40E4576}.Debug|Any CPU.ActiveCfg = Debug|Any CPU
		{0EF584B0-2206-4A67-932B-7518C40E4576}.Debug|Any CPU.Build.0 = Debug|Any CPU
		{0EF584B0-2206-4A67-932B-7518C40E4576}.Debug|Mixed Platforms.ActiveCfg = Debug|Any CPU
		{0EF584B0-2206-4A67-932B-7518C40E4576}.Debug|Mixed Platforms.Build.0 = Debug|Any CPU
		{0EF584B0-2206-4A67-932B-7518C40E4576}.Debug|Win32.ActiveCfg = Debug|Any CPU
		{0EF584B0-2206-4A67-932B-7518C40E4576}.Debug|x86.ActiveCfg = Debug|Any CPU
		{0EF584B0-2206-4A67-932B-7518C40E4576}.Release|Any CPU.ActiveCfg = Release|Any CPU
		{0EF584B0-2206-4A67-932B-7518C40E4576}.Release|Any CPU.Build.0 = Release|Any CPU
		{0EF584B0-2206-4A67-932B-7518C40E4576}.Release|Mixed Platforms.ActiveCfg = Release|Any CPU
		{0EF584B0-2206-4A67-932B-7518C40E4576}.Release|Mixed Platforms.Build.0 = Release|Any CPU
		{0EF584B0-2206-4A67-932B-7518C40E4576}.Release|Win32.ActiveCfg = Release|Any CPU
		{0EF584B0-2206-4A67-932B-7518C40E4576}.Release|x86.ActiveCfg = Release|Any CPU
		{06A1D65E-0A5F-456C-89B9-68A2CC614EEF}.Debug|Any CPU.ActiveCfg = Debug|Any CPU
		{06A1D65E-0A5F-456C-89B9-68A2CC614EEF}.Debug|Any CPU.Build.0 = Debug|Any CPU
		{06A1D65E-0A5F-456C-89B9-68A2CC614EEF}.Debug|Mixed Platforms.ActiveCfg = Debug|Any CPU
		{06A1D65E-0A5F-456C-89B9-68A2CC614EEF}.Debug|Mixed Platforms.Build.0 = Debug|Any CPU
		{06A1D65E-0A5F-456C-89B9-68A2CC614EEF}.Debug|Win32.ActiveCfg = Debug|Any CPU
		{06A1D65E-0A5F-456C-89B9-68A2CC614EEF}.Debug|x86.ActiveCfg = Debug|Any CPU
		{06A1D65E-0A5F-456C-89B9-68A2CC614EEF}.Release|Any CPU.ActiveCfg = Release|Any CPU
		{06A1D65E-0A5F-456C-89B9-68A2CC614EEF}.Release|Any CPU.Build.0 = Release|Any CPU
		{06A1D65E-0A5F-456C-89B9-68A2CC614EEF}.Release|Mixed Platforms.ActiveCfg = Release|Any CPU
		{06A1D65E-0A5F-456C-89B9-68A2CC614EEF}.Release|Mixed Platforms.Build.0 = Release|Any CPU
		{06A1D65E-0A5F-456C-89B9-68A2CC614EEF}.Release|Win32.ActiveCfg = Release|Any CPU
		{06A1D65E-0A5F-456C-89B9-68A2CC614EEF}.Release|x86.ActiveCfg = Release|Any CPU
		{068C06C6-3E8D-469C-AEC2-3A5500169989}.Debug|Any CPU.ActiveCfg = Debug|Any CPU
		{068C06C6-3E8D-469C-AEC2-3A5500169989}.Debug|Any CPU.Build.0 = Debug|Any CPU
		{068C06C6-3E8D-469C-AEC2-3A5500169989}.Debug|Mixed Platforms.ActiveCfg = Debug|Any CPU
		{068C06C6-3E8D-469C-AEC2-3A5500169989}.Debug|Mixed Platforms.Build.0 = Debug|Any CPU
		{068C06C6-3E8D-469C-AEC2-3A5500169989}.Debug|Win32.ActiveCfg = Debug|Any CPU
		{068C06C6-3E8D-469C-AEC2-3A5500169989}.Debug|x86.ActiveCfg = Debug|Any CPU
		{068C06C6-3E8D-469C-AEC2-3A5500169989}.Release|Any CPU.ActiveCfg = Release|Any CPU
		{068C06C6-3E8D-469C-AEC2-3A5500169989}.Release|Any CPU.Build.0 = Release|Any CPU
		{068C06C6-3E8D-469C-AEC2-3A5500169989}.Release|Mixed Platforms.ActiveCfg = Release|Any CPU
		{068C06C6-3E8D-469C-AEC2-3A5500169989}.Release|Mixed Platforms.Build.0 = Release|Any CPU
		{068C06C6-3E8D-469C-AEC2-3A5500169989}.Release|Win32.ActiveCfg = Release|Any CPU
		{068C06C6-3E8D-469C-AEC2-3A5500169989}.Release|x86.ActiveCfg = Release|Any CPU
		{313F3EAC-167F-4A15-85B7-DE649B722423}.Debug|Any CPU.ActiveCfg = Debug|Any CPU
		{313F3EAC-167F-4A15-85B7-DE649B722423}.Debug|Any CPU.Build.0 = Debug|Any CPU
		{313F3EAC-167F-4A15-85B7-DE649B722423}.Debug|Mixed Platforms.ActiveCfg = Debug|Any CPU
		{313F3EAC-167F-4A15-85B7-DE649B722423}.Debug|Mixed Platforms.Build.0 = Debug|Any CPU
		{313F3EAC-167F-4A15-85B7-DE649B722423}.Debug|Win32.ActiveCfg = Debug|Any CPU
		{313F3EAC-167F-4A15-85B7-DE649B722423}.Debug|x86.ActiveCfg = Debug|Any CPU
		{313F3EAC-167F-4A15-85B7-DE649B722423}.Release|Any CPU.ActiveCfg = Release|Any CPU
		{313F3EAC-167F-4A15-85B7-DE649B722423}.Release|Any CPU.Build.0 = Release|Any CPU
		{313F3EAC-167F-4A15-85B7-DE649B722423}.Release|Mixed Platforms.ActiveCfg = Release|Any CPU
		{313F3EAC-167F-4A15-85B7-DE649B722423}.Release|Mixed Platforms.Build.0 = Release|Any CPU
		{313F3EAC-167F-4A15-85B7-DE649B722423}.Release|Win32.ActiveCfg = Release|Any CPU
		{313F3EAC-167F-4A15-85B7-DE649B722423}.Release|x86.ActiveCfg = Release|Any CPU
		{540A214E-613D-40D3-8695-D823CCD8D5D1}.Debug|Any CPU.ActiveCfg = Debug|Any CPU
		{540A214E-613D-40D3-8695-D823CCD8D5D1}.Debug|Any CPU.Build.0 = Debug|Any CPU
		{540A214E-613D-40D3-8695-D823CCD8D5D1}.Debug|Mixed Platforms.ActiveCfg = Debug|Any CPU
		{540A214E-613D-40D3-8695-D823CCD8D5D1}.Debug|Mixed Platforms.Build.0 = Debug|Any CPU
		{540A214E-613D-40D3-8695-D823CCD8D5D1}.Debug|Win32.ActiveCfg = Debug|Any CPU
		{540A214E-613D-40D3-8695-D823CCD8D5D1}.Debug|x86.ActiveCfg = Debug|Any CPU
		{540A214E-613D-40D3-8695-D823CCD8D5D1}.Release|Any CPU.ActiveCfg = Release|Any CPU
		{540A214E-613D-40D3-8695-D823CCD8D5D1}.Release|Any CPU.Build.0 = Release|Any CPU
		{540A214E-613D-40D3-8695-D823CCD8D5D1}.Release|Mixed Platforms.ActiveCfg = Release|Any CPU
		{540A214E-613D-40D3-8695-D823CCD8D5D1}.Release|Mixed Platforms.Build.0 = Release|Any CPU
		{540A214E-613D-40D3-8695-D823CCD8D5D1}.Release|Win32.ActiveCfg = Release|Any CPU
		{540A214E-613D-40D3-8695-D823CCD8D5D1}.Release|x86.ActiveCfg = Release|Any CPU
		{99DE1B90-05AD-4A82-9E0A-C5755EA1A204}.Debug|Any CPU.ActiveCfg = Debug|Any CPU
		{99DE1B90-05AD-4A82-9E0A-C5755EA1A204}.Debug|Any CPU.Build.0 = Debug|Any CPU
		{99DE1B90-05AD-4A82-9E0A-C5755EA1A204}.Debug|Mixed Platforms.ActiveCfg = Debug|Any CPU
		{99DE1B90-05AD-4A82-9E0A-C5755EA1A204}.Debug|Mixed Platforms.Build.0 = Debug|Any CPU
		{99DE1B90-05AD-4A82-9E0A-C5755EA1A204}.Debug|Win32.ActiveCfg = Debug|Any CPU
		{99DE1B90-05AD-4A82-9E0A-C5755EA1A204}.Debug|x86.ActiveCfg = Debug|Any CPU
		{99DE1B90-05AD-4A82-9E0A-C5755EA1A204}.Release|Any CPU.ActiveCfg = Release|Any CPU
		{99DE1B90-05AD-4A82-9E0A-C5755EA1A204}.Release|Any CPU.Build.0 = Release|Any CPU
		{99DE1B90-05AD-4A82-9E0A-C5755EA1A204}.Release|Mixed Platforms.ActiveCfg = Release|Any CPU
		{99DE1B90-05AD-4A82-9E0A-C5755EA1A204}.Release|Mixed Platforms.Build.0 = Release|Any CPU
		{99DE1B90-05AD-4A82-9E0A-C5755EA1A204}.Release|Win32.ActiveCfg = Release|Any CPU
		{99DE1B90-05AD-4A82-9E0A-C5755EA1A204}.Release|x86.ActiveCfg = Release|Any CPU
		{2CC51B79-9F2F-4620-9415-1641F8C9B2A4}.Debug|Any CPU.ActiveCfg = Debug|Any CPU
		{2CC51B79-9F2F-4620-9415-1641F8C9B2A4}.Debug|Any CPU.Build.0 = Debug|Any CPU
		{2CC51B79-9F2F-4620-9415-1641F8C9B2A4}.Debug|Mixed Platforms.ActiveCfg = Debug|Any CPU
		{2CC51B79-9F2F-4620-9415-1641F8C9B2A4}.Debug|Mixed Platforms.Build.0 = Debug|Any CPU
		{2CC51B79-9F2F-4620-9415-1641F8C9B2A4}.Debug|Win32.ActiveCfg = Debug|Any CPU
		{2CC51B79-9F2F-4620-9415-1641F8C9B2A4}.Debug|x86.ActiveCfg = Debug|Any CPU
		{2CC51B79-9F2F-4620-9415-1641F8C9B2A4}.Release|Any CPU.ActiveCfg = Release|Any CPU
		{2CC51B79-9F2F-4620-9415-1641F8C9B2A4}.Release|Any CPU.Build.0 = Release|Any CPU
		{2CC51B79-9F2F-4620-9415-1641F8C9B2A4}.Release|Mixed Platforms.ActiveCfg = Release|Any CPU
		{2CC51B79-9F2F-4620-9415-1641F8C9B2A4}.Release|Mixed Platforms.Build.0 = Release|Any CPU
		{2CC51B79-9F2F-4620-9415-1641F8C9B2A4}.Release|Win32.ActiveCfg = Release|Any CPU
		{2CC51B79-9F2F-4620-9415-1641F8C9B2A4}.Release|x86.ActiveCfg = Release|Any CPU
		{1160FD7C-B151-4EF9-8CF4-147F81360026}.Debug|Any CPU.ActiveCfg = Debug|Any CPU
		{1160FD7C-B151-4EF9-8CF4-147F81360026}.Debug|Any CPU.Build.0 = Debug|Any CPU
		{1160FD7C-B151-4EF9-8CF4-147F81360026}.Debug|Mixed Platforms.ActiveCfg = Debug|Any CPU
		{1160FD7C-B151-4EF9-8CF4-147F81360026}.Debug|Mixed Platforms.Build.0 = Debug|Any CPU
		{1160FD7C-B151-4EF9-8CF4-147F81360026}.Debug|Win32.ActiveCfg = Debug|Any CPU
		{1160FD7C-B151-4EF9-8CF4-147F81360026}.Debug|x86.ActiveCfg = Debug|Any CPU
		{1160FD7C-B151-4EF9-8CF4-147F81360026}.Release|Any CPU.ActiveCfg = Release|Any CPU
		{1160FD7C-B151-4EF9-8CF4-147F81360026}.Release|Any CPU.Build.0 = Release|Any CPU
		{1160FD7C-B151-4EF9-8CF4-147F81360026}.Release|Mixed Platforms.ActiveCfg = Release|Any CPU
		{1160FD7C-B151-4EF9-8CF4-147F81360026}.Release|Mixed Platforms.Build.0 = Release|Any CPU
		{1160FD7C-B151-4EF9-8CF4-147F81360026}.Release|Win32.ActiveCfg = Release|Any CPU
		{1160FD7C-B151-4EF9-8CF4-147F81360026}.Release|x86.ActiveCfg = Release|Any CPU
		{4E45DFCA-D3F2-46FD-936E-A11CBA89B0A1}.Debug|Any CPU.ActiveCfg = Debug|Any CPU
		{4E45DFCA-D3F2-46FD-936E-A11CBA89B0A1}.Debug|Any CPU.Build.0 = Debug|Any CPU
		{4E45DFCA-D3F2-46FD-936E-A11CBA89B0A1}.Debug|Mixed Platforms.ActiveCfg = Debug|Any CPU
		{4E45DFCA-D3F2-46FD-936E-A11CBA89B0A1}.Debug|Mixed Platforms.Build.0 = Debug|Any CPU
		{4E45DFCA-D3F2-46FD-936E-A11CBA89B0A1}.Debug|Win32.ActiveCfg = Debug|Any CPU
		{4E45DFCA-D3F2-46FD-936E-A11CBA89B0A1}.Debug|x86.ActiveCfg = Debug|Any CPU
		{4E45DFCA-D3F2-46FD-936E-A11CBA89B0A1}.Release|Any CPU.ActiveCfg = Release|Any CPU
		{4E45DFCA-D3F2-46FD-936E-A11CBA89B0A1}.Release|Any CPU.Build.0 = Release|Any CPU
		{4E45DFCA-D3F2-46FD-936E-A11CBA89B0A1}.Release|Mixed Platforms.ActiveCfg = Release|Any CPU
		{4E45DFCA-D3F2-46FD-936E-A11CBA89B0A1}.Release|Mixed Platforms.Build.0 = Release|Any CPU
		{4E45DFCA-D3F2-46FD-936E-A11CBA89B0A1}.Release|Win32.ActiveCfg = Release|Any CPU
		{4E45DFCA-D3F2-46FD-936E-A11CBA89B0A1}.Release|x86.ActiveCfg = Release|Any CPU
		{5F899333-2DC2-4B9C-8DB5-005185F8CD73}.Debug|Any CPU.ActiveCfg = Debug|Any CPU
		{5F899333-2DC2-4B9C-8DB5-005185F8CD73}.Debug|Any CPU.Build.0 = Debug|Any CPU
		{5F899333-2DC2-4B9C-8DB5-005185F8CD73}.Debug|Mixed Platforms.ActiveCfg = Debug|Any CPU
		{5F899333-2DC2-4B9C-8DB5-005185F8CD73}.Debug|Mixed Platforms.Build.0 = Debug|Any CPU
		{5F899333-2DC2-4B9C-8DB5-005185F8CD73}.Debug|Win32.ActiveCfg = Debug|Any CPU
		{5F899333-2DC2-4B9C-8DB5-005185F8CD73}.Debug|x86.ActiveCfg = Debug|Any CPU
		{5F899333-2DC2-4B9C-8DB5-005185F8CD73}.Release|Any CPU.ActiveCfg = Release|Any CPU
		{5F899333-2DC2-4B9C-8DB5-005185F8CD73}.Release|Any CPU.Build.0 = Release|Any CPU
		{5F899333-2DC2-4B9C-8DB5-005185F8CD73}.Release|Mixed Platforms.ActiveCfg = Release|Any CPU
		{5F899333-2DC2-4B9C-8DB5-005185F8CD73}.Release|Mixed Platforms.Build.0 = Release|Any CPU
		{5F899333-2DC2-4B9C-8DB5-005185F8CD73}.Release|Win32.ActiveCfg = Release|Any CPU
		{5F899333-2DC2-4B9C-8DB5-005185F8CD73}.Release|x86.ActiveCfg = Release|Any CPU
		{99E90579-62FC-4898-B168-24F7DBD3A34D}.Debug|Any CPU.ActiveCfg = Debug|Any CPU
		{99E90579-62FC-4898-B168-24F7DBD3A34D}.Debug|Any CPU.Build.0 = Debug|Any CPU
		{99E90579-62FC-4898-B168-24F7DBD3A34D}.Debug|Mixed Platforms.ActiveCfg = Debug|Any CPU
		{99E90579-62FC-4898-B168-24F7DBD3A34D}.Debug|Mixed Platforms.Build.0 = Debug|Any CPU
		{99E90579-62FC-4898-B168-24F7DBD3A34D}.Debug|Win32.ActiveCfg = Debug|Any CPU
		{99E90579-62FC-4898-B168-24F7DBD3A34D}.Debug|x86.ActiveCfg = Debug|Any CPU
		{99E90579-62FC-4898-B168-24F7DBD3A34D}.Release|Any CPU.ActiveCfg = Release|Any CPU
		{99E90579-62FC-4898-B168-24F7DBD3A34D}.Release|Any CPU.Build.0 = Release|Any CPU
		{99E90579-62FC-4898-B168-24F7DBD3A34D}.Release|Mixed Platforms.ActiveCfg = Release|Any CPU
		{99E90579-62FC-4898-B168-24F7DBD3A34D}.Release|Mixed Platforms.Build.0 = Release|Any CPU
		{99E90579-62FC-4898-B168-24F7DBD3A34D}.Release|Win32.ActiveCfg = Release|Any CPU
		{99E90579-62FC-4898-B168-24F7DBD3A34D}.Release|x86.ActiveCfg = Release|Any CPU
		{D5ED2B83-0B74-4128-9007-00C32285948A}.Debug|Any CPU.ActiveCfg = Debug|Any CPU
		{D5ED2B83-0B74-4128-9007-00C32285948A}.Debug|Any CPU.Build.0 = Debug|Any CPU
		{D5ED2B83-0B74-4128-9007-00C32285948A}.Debug|Mixed Platforms.ActiveCfg = Debug|Any CPU
		{D5ED2B83-0B74-4128-9007-00C32285948A}.Debug|Mixed Platforms.Build.0 = Debug|Any CPU
		{D5ED2B83-0B74-4128-9007-00C32285948A}.Debug|Win32.ActiveCfg = Debug|Any CPU
		{D5ED2B83-0B74-4128-9007-00C32285948A}.Debug|x86.ActiveCfg = Debug|Any CPU
		{D5ED2B83-0B74-4128-9007-00C32285948A}.Release|Any CPU.ActiveCfg = Release|Any CPU
		{D5ED2B83-0B74-4128-9007-00C32285948A}.Release|Any CPU.Build.0 = Release|Any CPU
		{D5ED2B83-0B74-4128-9007-00C32285948A}.Release|Mixed Platforms.ActiveCfg = Release|Any CPU
		{D5ED2B83-0B74-4128-9007-00C32285948A}.Release|Mixed Platforms.Build.0 = Release|Any CPU
		{D5ED2B83-0B74-4128-9007-00C32285948A}.Release|Win32.ActiveCfg = Release|Any CPU
		{D5ED2B83-0B74-4128-9007-00C32285948A}.Release|x86.ActiveCfg = Release|Any CPU
		{DD70B715-D894-4563-AA46-0DA8D1DB57B7}.Debug|Any CPU.ActiveCfg = Debug|Any CPU
		{DD70B715-D894-4563-AA46-0DA8D1DB57B7}.Debug|Any CPU.Build.0 = Debug|Any CPU
		{DD70B715-D894-4563-AA46-0DA8D1DB57B7}.Debug|Mixed Platforms.ActiveCfg = Debug|Any CPU
		{DD70B715-D894-4563-AA46-0DA8D1DB57B7}.Debug|Mixed Platforms.Build.0 = Debug|Any CPU
		{DD70B715-D894-4563-AA46-0DA8D1DB57B7}.Debug|Win32.ActiveCfg = Debug|Any CPU
		{DD70B715-D894-4563-AA46-0DA8D1DB57B7}.Debug|x86.ActiveCfg = Debug|Any CPU
		{DD70B715-D894-4563-AA46-0DA8D1DB57B7}.Release|Any CPU.ActiveCfg = Release|Any CPU
		{DD70B715-D894-4563-AA46-0DA8D1DB57B7}.Release|Any CPU.Build.0 = Release|Any CPU
		{DD70B715-D894-4563-AA46-0DA8D1DB57B7}.Release|Mixed Platforms.ActiveCfg = Release|Any CPU
		{DD70B715-D894-4563-AA46-0DA8D1DB57B7}.Release|Mixed Platforms.Build.0 = Release|Any CPU
		{DD70B715-D894-4563-AA46-0DA8D1DB57B7}.Release|Win32.ActiveCfg = Release|Any CPU
		{DD70B715-D894-4563-AA46-0DA8D1DB57B7}.Release|x86.ActiveCfg = Release|Any CPU
		{4FA85921-A657-4967-BEAB-81CBCE27554F}.Debug|Any CPU.ActiveCfg = Debug|Any CPU
		{4FA85921-A657-4967-BEAB-81CBCE27554F}.Debug|Any CPU.Build.0 = Debug|Any CPU
		{4FA85921-A657-4967-BEAB-81CBCE27554F}.Debug|Mixed Platforms.ActiveCfg = Debug|Any CPU
		{4FA85921-A657-4967-BEAB-81CBCE27554F}.Debug|Mixed Platforms.Build.0 = Debug|Any CPU
		{4FA85921-A657-4967-BEAB-81CBCE27554F}.Debug|Win32.ActiveCfg = Debug|Any CPU
		{4FA85921-A657-4967-BEAB-81CBCE27554F}.Debug|x86.ActiveCfg = Debug|Any CPU
		{4FA85921-A657-4967-BEAB-81CBCE27554F}.Release|Any CPU.ActiveCfg = Release|Any CPU
		{4FA85921-A657-4967-BEAB-81CBCE27554F}.Release|Any CPU.Build.0 = Release|Any CPU
		{4FA85921-A657-4967-BEAB-81CBCE27554F}.Release|Mixed Platforms.ActiveCfg = Release|Any CPU
		{4FA85921-A657-4967-BEAB-81CBCE27554F}.Release|Mixed Platforms.Build.0 = Release|Any CPU
		{4FA85921-A657-4967-BEAB-81CBCE27554F}.Release|Win32.ActiveCfg = Release|Any CPU
		{4FA85921-A657-4967-BEAB-81CBCE27554F}.Release|x86.ActiveCfg = Release|Any CPU
		{B8E9A90C-49C4-4816-80CE-3CF15B28FBD9}.Debug|Any CPU.ActiveCfg = Debug|Any CPU
		{B8E9A90C-49C4-4816-80CE-3CF15B28FBD9}.Debug|Any CPU.Build.0 = Debug|Any CPU
		{B8E9A90C-49C4-4816-80CE-3CF15B28FBD9}.Debug|Mixed Platforms.ActiveCfg = Debug|Any CPU
		{B8E9A90C-49C4-4816-80CE-3CF15B28FBD9}.Debug|Mixed Platforms.Build.0 = Debug|Any CPU
		{B8E9A90C-49C4-4816-80CE-3CF15B28FBD9}.Debug|Win32.ActiveCfg = Debug|Any CPU
		{B8E9A90C-49C4-4816-80CE-3CF15B28FBD9}.Debug|x86.ActiveCfg = Debug|Any CPU
		{B8E9A90C-49C4-4816-80CE-3CF15B28FBD9}.Release|Any CPU.ActiveCfg = Release|Any CPU
		{B8E9A90C-49C4-4816-80CE-3CF15B28FBD9}.Release|Any CPU.Build.0 = Release|Any CPU
		{B8E9A90C-49C4-4816-80CE-3CF15B28FBD9}.Release|Mixed Platforms.ActiveCfg = Release|Any CPU
		{B8E9A90C-49C4-4816-80CE-3CF15B28FBD9}.Release|Mixed Platforms.Build.0 = Release|Any CPU
		{B8E9A90C-49C4-4816-80CE-3CF15B28FBD9}.Release|Win32.ActiveCfg = Release|Any CPU
		{B8E9A90C-49C4-4816-80CE-3CF15B28FBD9}.Release|x86.ActiveCfg = Release|Any CPU
		{74CA8CFA-BB30-48EA-8832-546D659D8468}.Debug|Any CPU.ActiveCfg = Debug|Any CPU
		{74CA8CFA-BB30-48EA-8832-546D659D8468}.Debug|Any CPU.Build.0 = Debug|Any CPU
		{74CA8CFA-BB30-48EA-8832-546D659D8468}.Debug|Mixed Platforms.ActiveCfg = Debug|Any CPU
		{74CA8CFA-BB30-48EA-8832-546D659D8468}.Debug|Mixed Platforms.Build.0 = Debug|Any CPU
		{74CA8CFA-BB30-48EA-8832-546D659D8468}.Debug|Win32.ActiveCfg = Debug|Any CPU
		{74CA8CFA-BB30-48EA-8832-546D659D8468}.Debug|x86.ActiveCfg = Debug|Any CPU
		{74CA8CFA-BB30-48EA-8832-546D659D8468}.Release|Any CPU.ActiveCfg = Release|Any CPU
		{74CA8CFA-BB30-48EA-8832-546D659D8468}.Release|Any CPU.Build.0 = Release|Any CPU
		{74CA8CFA-BB30-48EA-8832-546D659D8468}.Release|Mixed Platforms.ActiveCfg = Release|Any CPU
		{74CA8CFA-BB30-48EA-8832-546D659D8468}.Release|Mixed Platforms.Build.0 = Release|Any CPU
		{74CA8CFA-BB30-48EA-8832-546D659D8468}.Release|Win32.ActiveCfg = Release|Any CPU
		{74CA8CFA-BB30-48EA-8832-546D659D8468}.Release|x86.ActiveCfg = Release|Any CPU
		{96BE94CB-F3E5-4D4D-B391-75584D17FEE3}.Debug|Any CPU.ActiveCfg = Debug|Any CPU
		{96BE94CB-F3E5-4D4D-B391-75584D17FEE3}.Debug|Any CPU.Build.0 = Debug|Any CPU
		{96BE94CB-F3E5-4D4D-B391-75584D17FEE3}.Debug|Mixed Platforms.ActiveCfg = Debug|Any CPU
		{96BE94CB-F3E5-4D4D-B391-75584D17FEE3}.Debug|Mixed Platforms.Build.0 = Debug|Any CPU
		{96BE94CB-F3E5-4D4D-B391-75584D17FEE3}.Debug|Win32.ActiveCfg = Debug|Any CPU
		{96BE94CB-F3E5-4D4D-B391-75584D17FEE3}.Debug|x86.ActiveCfg = Debug|Any CPU
		{96BE94CB-F3E5-4D4D-B391-75584D17FEE3}.Release|Any CPU.ActiveCfg = Release|Any CPU
		{96BE94CB-F3E5-4D4D-B391-75584D17FEE3}.Release|Any CPU.Build.0 = Release|Any CPU
		{96BE94CB-F3E5-4D4D-B391-75584D17FEE3}.Release|Mixed Platforms.ActiveCfg = Release|Any CPU
		{96BE94CB-F3E5-4D4D-B391-75584D17FEE3}.Release|Mixed Platforms.Build.0 = Release|Any CPU
		{96BE94CB-F3E5-4D4D-B391-75584D17FEE3}.Release|Win32.ActiveCfg = Release|Any CPU
		{96BE94CB-F3E5-4D4D-B391-75584D17FEE3}.Release|x86.ActiveCfg = Release|Any CPU
		{98731C67-3C15-4790-99B9-97EC65FCE1AD}.Debug|Any CPU.ActiveCfg = Debug|Any CPU
		{98731C67-3C15-4790-99B9-97EC65FCE1AD}.Debug|Any CPU.Build.0 = Debug|Any CPU
		{98731C67-3C15-4790-99B9-97EC65FCE1AD}.Debug|Mixed Platforms.ActiveCfg = Debug|Any CPU
		{98731C67-3C15-4790-99B9-97EC65FCE1AD}.Debug|Mixed Platforms.Build.0 = Debug|Any CPU
		{98731C67-3C15-4790-99B9-97EC65FCE1AD}.Debug|Win32.ActiveCfg = Debug|Any CPU
		{98731C67-3C15-4790-99B9-97EC65FCE1AD}.Debug|x86.ActiveCfg = Debug|Any CPU
		{98731C67-3C15-4790-99B9-97EC65FCE1AD}.Release|Any CPU.ActiveCfg = Release|Any CPU
		{98731C67-3C15-4790-99B9-97EC65FCE1AD}.Release|Any CPU.Build.0 = Release|Any CPU
		{98731C67-3C15-4790-99B9-97EC65FCE1AD}.Release|Mixed Platforms.ActiveCfg = Release|Any CPU
		{98731C67-3C15-4790-99B9-97EC65FCE1AD}.Release|Mixed Platforms.Build.0 = Release|Any CPU
		{98731C67-3C15-4790-99B9-97EC65FCE1AD}.Release|Win32.ActiveCfg = Release|Any CPU
		{98731C67-3C15-4790-99B9-97EC65FCE1AD}.Release|x86.ActiveCfg = Release|Any CPU
		{FC0AD608-7D06-4C71-A54A-CCBA82450ABF}.Debug|Any CPU.ActiveCfg = Debug|Any CPU
		{FC0AD608-7D06-4C71-A54A-CCBA82450ABF}.Debug|Any CPU.Build.0 = Debug|Any CPU
		{FC0AD608-7D06-4C71-A54A-CCBA82450ABF}.Debug|Mixed Platforms.ActiveCfg = Debug|Any CPU
		{FC0AD608-7D06-4C71-A54A-CCBA82450ABF}.Debug|Mixed Platforms.Build.0 = Debug|Any CPU
		{FC0AD608-7D06-4C71-A54A-CCBA82450ABF}.Debug|Win32.ActiveCfg = Debug|Any CPU
		{FC0AD608-7D06-4C71-A54A-CCBA82450ABF}.Debug|x86.ActiveCfg = Debug|Any CPU
		{FC0AD608-7D06-4C71-A54A-CCBA82450ABF}.Release|Any CPU.ActiveCfg = Release|Any CPU
		{FC0AD608-7D06-4C71-A54A-CCBA82450ABF}.Release|Any CPU.Build.0 = Release|Any CPU
		{FC0AD608-7D06-4C71-A54A-CCBA82450ABF}.Release|Mixed Platforms.ActiveCfg = Release|Any CPU
		{FC0AD608-7D06-4C71-A54A-CCBA82450ABF}.Release|Mixed Platforms.Build.0 = Release|Any CPU
		{FC0AD608-7D06-4C71-A54A-CCBA82450ABF}.Release|Win32.ActiveCfg = Release|Any CPU
		{FC0AD608-7D06-4C71-A54A-CCBA82450ABF}.Release|x86.ActiveCfg = Release|Any CPU
		{44B5710E-6FAF-42A3-AC71-12831523FEDF}.Debug|Any CPU.ActiveCfg = Debug|Any CPU
		{44B5710E-6FAF-42A3-AC71-12831523FEDF}.Debug|Any CPU.Build.0 = Debug|Any CPU
		{44B5710E-6FAF-42A3-AC71-12831523FEDF}.Debug|Mixed Platforms.ActiveCfg = Debug|Any CPU
		{44B5710E-6FAF-42A3-AC71-12831523FEDF}.Debug|Mixed Platforms.Build.0 = Debug|Any CPU
		{44B5710E-6FAF-42A3-AC71-12831523FEDF}.Debug|Win32.ActiveCfg = Debug|Any CPU
		{44B5710E-6FAF-42A3-AC71-12831523FEDF}.Debug|x86.ActiveCfg = Debug|Any CPU
		{44B5710E-6FAF-42A3-AC71-12831523FEDF}.Release|Any CPU.ActiveCfg = Release|Any CPU
		{44B5710E-6FAF-42A3-AC71-12831523FEDF}.Release|Any CPU.Build.0 = Release|Any CPU
		{44B5710E-6FAF-42A3-AC71-12831523FEDF}.Release|Mixed Platforms.ActiveCfg = Release|Any CPU
		{44B5710E-6FAF-42A3-AC71-12831523FEDF}.Release|Mixed Platforms.Build.0 = Release|Any CPU
		{44B5710E-6FAF-42A3-AC71-12831523FEDF}.Release|Win32.ActiveCfg = Release|Any CPU
		{44B5710E-6FAF-42A3-AC71-12831523FEDF}.Release|x86.ActiveCfg = Release|Any CPU
		{74EB4A97-A7EC-4D51-9FAB-80E15AE52605}.Debug|Any CPU.ActiveCfg = Debug|Any CPU
		{74EB4A97-A7EC-4D51-9FAB-80E15AE52605}.Debug|Any CPU.Build.0 = Debug|Any CPU
		{74EB4A97-A7EC-4D51-9FAB-80E15AE52605}.Debug|Mixed Platforms.ActiveCfg = Debug|Any CPU
		{74EB4A97-A7EC-4D51-9FAB-80E15AE52605}.Debug|Mixed Platforms.Build.0 = Debug|Any CPU
		{74EB4A97-A7EC-4D51-9FAB-80E15AE52605}.Debug|Win32.ActiveCfg = Debug|Any CPU
		{74EB4A97-A7EC-4D51-9FAB-80E15AE52605}.Debug|x86.ActiveCfg = Debug|Any CPU
		{74EB4A97-A7EC-4D51-9FAB-80E15AE52605}.Release|Any CPU.ActiveCfg = Release|Any CPU
		{74EB4A97-A7EC-4D51-9FAB-80E15AE52605}.Release|Any CPU.Build.0 = Release|Any CPU
		{74EB4A97-A7EC-4D51-9FAB-80E15AE52605}.Release|Mixed Platforms.ActiveCfg = Release|Any CPU
		{74EB4A97-A7EC-4D51-9FAB-80E15AE52605}.Release|Mixed Platforms.Build.0 = Release|Any CPU
		{74EB4A97-A7EC-4D51-9FAB-80E15AE52605}.Release|Win32.ActiveCfg = Release|Any CPU
		{74EB4A97-A7EC-4D51-9FAB-80E15AE52605}.Release|x86.ActiveCfg = Release|Any CPU
		{03CD418A-C1E8-4EC3-8C9D-760060B49B23}.Debug|Any CPU.ActiveCfg = Debug|Any CPU
		{03CD418A-C1E8-4EC3-8C9D-760060B49B23}.Debug|Any CPU.Build.0 = Debug|Any CPU
		{03CD418A-C1E8-4EC3-8C9D-760060B49B23}.Debug|Mixed Platforms.ActiveCfg = Debug|Any CPU
		{03CD418A-C1E8-4EC3-8C9D-760060B49B23}.Debug|Mixed Platforms.Build.0 = Debug|Any CPU
		{03CD418A-C1E8-4EC3-8C9D-760060B49B23}.Debug|Win32.ActiveCfg = Debug|Any CPU
		{03CD418A-C1E8-4EC3-8C9D-760060B49B23}.Debug|x86.ActiveCfg = Debug|Any CPU
		{03CD418A-C1E8-4EC3-8C9D-760060B49B23}.Release|Any CPU.ActiveCfg = Release|Any CPU
		{03CD418A-C1E8-4EC3-8C9D-760060B49B23}.Release|Any CPU.Build.0 = Release|Any CPU
		{03CD418A-C1E8-4EC3-8C9D-760060B49B23}.Release|Mixed Platforms.ActiveCfg = Release|Any CPU
		{03CD418A-C1E8-4EC3-8C9D-760060B49B23}.Release|Mixed Platforms.Build.0 = Release|Any CPU
		{03CD418A-C1E8-4EC3-8C9D-760060B49B23}.Release|Win32.ActiveCfg = Release|Any CPU
		{03CD418A-C1E8-4EC3-8C9D-760060B49B23}.Release|x86.ActiveCfg = Release|Any CPU
		{8AC733A1-FF56-4DDF-A0CD-5E0AE9744E58}.Debug|Any CPU.ActiveCfg = Debug|Any CPU
		{8AC733A1-FF56-4DDF-A0CD-5E0AE9744E58}.Debug|Any CPU.Build.0 = Debug|Any CPU
		{8AC733A1-FF56-4DDF-A0CD-5E0AE9744E58}.Debug|Mixed Platforms.ActiveCfg = Debug|Any CPU
		{8AC733A1-FF56-4DDF-A0CD-5E0AE9744E58}.Debug|Mixed Platforms.Build.0 = Debug|Any CPU
		{8AC733A1-FF56-4DDF-A0CD-5E0AE9744E58}.Debug|Win32.ActiveCfg = Debug|Any CPU
		{8AC733A1-FF56-4DDF-A0CD-5E0AE9744E58}.Debug|x86.ActiveCfg = Debug|Any CPU
		{8AC733A1-FF56-4DDF-A0CD-5E0AE9744E58}.Release|Any CPU.ActiveCfg = Release|Any CPU
		{8AC733A1-FF56-4DDF-A0CD-5E0AE9744E58}.Release|Any CPU.Build.0 = Release|Any CPU
		{8AC733A1-FF56-4DDF-A0CD-5E0AE9744E58}.Release|Mixed Platforms.ActiveCfg = Release|Any CPU
		{8AC733A1-FF56-4DDF-A0CD-5E0AE9744E58}.Release|Mixed Platforms.Build.0 = Release|Any CPU
		{8AC733A1-FF56-4DDF-A0CD-5E0AE9744E58}.Release|Win32.ActiveCfg = Release|Any CPU
		{8AC733A1-FF56-4DDF-A0CD-5E0AE9744E58}.Release|x86.ActiveCfg = Release|Any CPU
		{796449B6-F3BA-4ADD-B213-656DC93ECB8C}.Debug|Any CPU.ActiveCfg = Debug|Any CPU
		{796449B6-F3BA-4ADD-B213-656DC93ECB8C}.Debug|Any CPU.Build.0 = Debug|Any CPU
		{796449B6-F3BA-4ADD-B213-656DC93ECB8C}.Debug|Mixed Platforms.ActiveCfg = Debug|Any CPU
		{796449B6-F3BA-4ADD-B213-656DC93ECB8C}.Debug|Mixed Platforms.Build.0 = Debug|Any CPU
		{796449B6-F3BA-4ADD-B213-656DC93ECB8C}.Debug|Win32.ActiveCfg = Debug|Any CPU
		{796449B6-F3BA-4ADD-B213-656DC93ECB8C}.Debug|x86.ActiveCfg = Debug|Any CPU
		{796449B6-F3BA-4ADD-B213-656DC93ECB8C}.Release|Any CPU.ActiveCfg = Release|Any CPU
		{796449B6-F3BA-4ADD-B213-656DC93ECB8C}.Release|Any CPU.Build.0 = Release|Any CPU
		{796449B6-F3BA-4ADD-B213-656DC93ECB8C}.Release|Mixed Platforms.ActiveCfg = Release|Any CPU
		{796449B6-F3BA-4ADD-B213-656DC93ECB8C}.Release|Mixed Platforms.Build.0 = Release|Any CPU
		{796449B6-F3BA-4ADD-B213-656DC93ECB8C}.Release|Win32.ActiveCfg = Release|Any CPU
		{796449B6-F3BA-4ADD-B213-656DC93ECB8C}.Release|x86.ActiveCfg = Release|Any CPU
		{28A4435D-A627-4985-B81F-2B9DD6DFADE6}.Debug|Any CPU.ActiveCfg = Debug|Any CPU
		{28A4435D-A627-4985-B81F-2B9DD6DFADE6}.Debug|Any CPU.Build.0 = Debug|Any CPU
		{28A4435D-A627-4985-B81F-2B9DD6DFADE6}.Debug|Mixed Platforms.ActiveCfg = Debug|Any CPU
		{28A4435D-A627-4985-B81F-2B9DD6DFADE6}.Debug|Mixed Platforms.Build.0 = Debug|Any CPU
		{28A4435D-A627-4985-B81F-2B9DD6DFADE6}.Debug|Win32.ActiveCfg = Debug|Any CPU
		{28A4435D-A627-4985-B81F-2B9DD6DFADE6}.Debug|x86.ActiveCfg = Debug|Any CPU
		{28A4435D-A627-4985-B81F-2B9DD6DFADE6}.Release|Any CPU.ActiveCfg = Release|Any CPU
		{28A4435D-A627-4985-B81F-2B9DD6DFADE6}.Release|Any CPU.Build.0 = Release|Any CPU
		{28A4435D-A627-4985-B81F-2B9DD6DFADE6}.Release|Mixed Platforms.ActiveCfg = Release|Any CPU
		{28A4435D-A627-4985-B81F-2B9DD6DFADE6}.Release|Mixed Platforms.Build.0 = Release|Any CPU
		{28A4435D-A627-4985-B81F-2B9DD6DFADE6}.Release|Win32.ActiveCfg = Release|Any CPU
		{28A4435D-A627-4985-B81F-2B9DD6DFADE6}.Release|x86.ActiveCfg = Release|Any CPU
		{A53D3CEB-F7AF-41AB-AA04-4D3CF684BBAF}.Debug|Any CPU.ActiveCfg = Debug|Any CPU
		{A53D3CEB-F7AF-41AB-AA04-4D3CF684BBAF}.Debug|Any CPU.Build.0 = Debug|Any CPU
		{A53D3CEB-F7AF-41AB-AA04-4D3CF684BBAF}.Debug|Mixed Platforms.ActiveCfg = Debug|Any CPU
		{A53D3CEB-F7AF-41AB-AA04-4D3CF684BBAF}.Debug|Mixed Platforms.Build.0 = Debug|Any CPU
		{A53D3CEB-F7AF-41AB-AA04-4D3CF684BBAF}.Debug|Win32.ActiveCfg = Debug|Any CPU
		{A53D3CEB-F7AF-41AB-AA04-4D3CF684BBAF}.Debug|x86.ActiveCfg = Debug|Any CPU
		{A53D3CEB-F7AF-41AB-AA04-4D3CF684BBAF}.Release|Any CPU.ActiveCfg = Release|Any CPU
		{A53D3CEB-F7AF-41AB-AA04-4D3CF684BBAF}.Release|Any CPU.Build.0 = Release|Any CPU
		{A53D3CEB-F7AF-41AB-AA04-4D3CF684BBAF}.Release|Mixed Platforms.ActiveCfg = Release|Any CPU
		{A53D3CEB-F7AF-41AB-AA04-4D3CF684BBAF}.Release|Mixed Platforms.Build.0 = Release|Any CPU
		{A53D3CEB-F7AF-41AB-AA04-4D3CF684BBAF}.Release|Win32.ActiveCfg = Release|Any CPU
		{A53D3CEB-F7AF-41AB-AA04-4D3CF684BBAF}.Release|x86.ActiveCfg = Release|Any CPU
		{049D9540-D5FF-40EB-A7F9-A1E7DC5B5C6B}.Debug|Any CPU.ActiveCfg = Debug|Any CPU
		{049D9540-D5FF-40EB-A7F9-A1E7DC5B5C6B}.Debug|Any CPU.Build.0 = Debug|Any CPU
		{049D9540-D5FF-40EB-A7F9-A1E7DC5B5C6B}.Debug|Mixed Platforms.ActiveCfg = Debug|Any CPU
		{049D9540-D5FF-40EB-A7F9-A1E7DC5B5C6B}.Debug|Mixed Platforms.Build.0 = Debug|Any CPU
		{049D9540-D5FF-40EB-A7F9-A1E7DC5B5C6B}.Debug|Win32.ActiveCfg = Debug|Any CPU
		{049D9540-D5FF-40EB-A7F9-A1E7DC5B5C6B}.Debug|x86.ActiveCfg = Debug|Any CPU
		{049D9540-D5FF-40EB-A7F9-A1E7DC5B5C6B}.Release|Any CPU.ActiveCfg = Release|Any CPU
		{049D9540-D5FF-40EB-A7F9-A1E7DC5B5C6B}.Release|Any CPU.Build.0 = Release|Any CPU
		{049D9540-D5FF-40EB-A7F9-A1E7DC5B5C6B}.Release|Mixed Platforms.ActiveCfg = Release|Any CPU
		{049D9540-D5FF-40EB-A7F9-A1E7DC5B5C6B}.Release|Mixed Platforms.Build.0 = Release|Any CPU
		{049D9540-D5FF-40EB-A7F9-A1E7DC5B5C6B}.Release|Win32.ActiveCfg = Release|Any CPU
		{049D9540-D5FF-40EB-A7F9-A1E7DC5B5C6B}.Release|x86.ActiveCfg = Release|Any CPU
		{DD8C3148-D7BA-4159-A5CD-BC7E1A0D49B7}.Debug|Any CPU.ActiveCfg = Debug|Any CPU
		{DD8C3148-D7BA-4159-A5CD-BC7E1A0D49B7}.Debug|Any CPU.Build.0 = Debug|Any CPU
		{DD8C3148-D7BA-4159-A5CD-BC7E1A0D49B7}.Debug|Mixed Platforms.ActiveCfg = Debug|Any CPU
		{DD8C3148-D7BA-4159-A5CD-BC7E1A0D49B7}.Debug|Mixed Platforms.Build.0 = Debug|Any CPU
		{DD8C3148-D7BA-4159-A5CD-BC7E1A0D49B7}.Debug|Win32.ActiveCfg = Debug|Any CPU
		{DD8C3148-D7BA-4159-A5CD-BC7E1A0D49B7}.Debug|x86.ActiveCfg = Debug|Any CPU
		{DD8C3148-D7BA-4159-A5CD-BC7E1A0D49B7}.Release|Any CPU.ActiveCfg = Release|Any CPU
		{DD8C3148-D7BA-4159-A5CD-BC7E1A0D49B7}.Release|Any CPU.Build.0 = Release|Any CPU
		{DD8C3148-D7BA-4159-A5CD-BC7E1A0D49B7}.Release|Mixed Platforms.ActiveCfg = Release|Any CPU
		{DD8C3148-D7BA-4159-A5CD-BC7E1A0D49B7}.Release|Mixed Platforms.Build.0 = Release|Any CPU
		{DD8C3148-D7BA-4159-A5CD-BC7E1A0D49B7}.Release|Win32.ActiveCfg = Release|Any CPU
		{DD8C3148-D7BA-4159-A5CD-BC7E1A0D49B7}.Release|x86.ActiveCfg = Release|Any CPU
		{D9F26F2A-7E7D-44ED-9A37-947552BF6D13}.Debug|Any CPU.ActiveCfg = Debug|Any CPU
		{D9F26F2A-7E7D-44ED-9A37-947552BF6D13}.Debug|Any CPU.Build.0 = Debug|Any CPU
		{D9F26F2A-7E7D-44ED-9A37-947552BF6D13}.Debug|Mixed Platforms.ActiveCfg = Debug|Any CPU
		{D9F26F2A-7E7D-44ED-9A37-947552BF6D13}.Debug|Mixed Platforms.Build.0 = Debug|Any CPU
		{D9F26F2A-7E7D-44ED-9A37-947552BF6D13}.Debug|Win32.ActiveCfg = Debug|Any CPU
		{D9F26F2A-7E7D-44ED-9A37-947552BF6D13}.Debug|x86.ActiveCfg = Debug|Any CPU
		{D9F26F2A-7E7D-44ED-9A37-947552BF6D13}.Release|Any CPU.ActiveCfg = Release|Any CPU
		{D9F26F2A-7E7D-44ED-9A37-947552BF6D13}.Release|Any CPU.Build.0 = Release|Any CPU
		{D9F26F2A-7E7D-44ED-9A37-947552BF6D13}.Release|Mixed Platforms.ActiveCfg = Release|Any CPU
		{D9F26F2A-7E7D-44ED-9A37-947552BF6D13}.Release|Mixed Platforms.Build.0 = Release|Any CPU
		{D9F26F2A-7E7D-44ED-9A37-947552BF6D13}.Release|Win32.ActiveCfg = Release|Any CPU
		{D9F26F2A-7E7D-44ED-9A37-947552BF6D13}.Release|x86.ActiveCfg = Release|Any CPU
	EndGlobalSection
	GlobalSection(SolutionProperties) = preSolution
		HideSolutionNode = FALSE
	EndGlobalSection
	GlobalSection(NestedProjects) = preSolution
		{2CA5E547-4567-45C9-8240-A408BCA5C714} = {EC0446D4-99FD-45B2-9580-0D833AA20531}
		{D0AA701B-3CF6-4AEE-8FCF-12B77C082DDA} = {52CE1917-FE36-4049-934F-76E3559A3ECD}
		{3EA8A7A3-D749-4C50-8563-EDB6D68C4C6D} = {52CE1917-FE36-4049-934F-76E3559A3ECD}
		{CB580CB9-6597-4EDB-AA6C-B44F5AED87CE} = {EC0446D4-99FD-45B2-9580-0D833AA20531}
		{CDDFEA5B-49F9-4CD2-8117-57541A9F0A55} = {EC0446D4-99FD-45B2-9580-0D833AA20531}
		{E04EFEB6-4625-4D58-AC91-7B8B8A2C97BB} = {CDDFEA5B-49F9-4CD2-8117-57541A9F0A55}
		{F88DB6D3-CB95-4707-9C88-B53403AADC61} = {CDDFEA5B-49F9-4CD2-8117-57541A9F0A55}
		{9F1076AA-63DF-4128-9C10-FD65E425C783} = {EC0446D4-99FD-45B2-9580-0D833AA20531}
		{FCEBD207-0C18-4D92-974C-C7A615AC7DEE} = {EC0446D4-99FD-45B2-9580-0D833AA20531}
		{DCC977DA-9542-4AEA-A26D-A346702482D3} = {759F43F9-0284-478C-9E7E-252FAE6DE97B}
		{1FD2E7E5-5DC5-4B7C-9D0C-65A633578D58} = {759F43F9-0284-478C-9E7E-252FAE6DE97B}
		{068C06C6-3E8D-469C-AEC2-3A5500169989} = {04F1E1BE-BAAE-4453-85D5-F9B74151ECD2}
		{313F3EAC-167F-4A15-85B7-DE649B722423} = {04F1E1BE-BAAE-4453-85D5-F9B74151ECD2}
		{540A214E-613D-40D3-8695-D823CCD8D5D1} = {04F1E1BE-BAAE-4453-85D5-F9B74151ECD2}
		{99DE1B90-05AD-4A82-9E0A-C5755EA1A204} = {04F1E1BE-BAAE-4453-85D5-F9B74151ECD2}
		{2CC51B79-9F2F-4620-9415-1641F8C9B2A4} = {04F1E1BE-BAAE-4453-85D5-F9B74151ECD2}
		{1160FD7C-B151-4EF9-8CF4-147F81360026} = {759F43F9-0284-478C-9E7E-252FAE6DE97B}
		{4E45DFCA-D3F2-46FD-936E-A11CBA89B0A1} = {759F43F9-0284-478C-9E7E-252FAE6DE97B}
		{796449B6-F3BA-4ADD-B213-656DC93ECB8C} = {5472C51A-4FCE-415D-AA5F-CE2521472CBC}
		{A53D3CEB-F7AF-41AB-AA04-4D3CF684BBAF} = {EC0446D4-99FD-45B2-9580-0D833AA20531}
		{D9F26F2A-7E7D-44ED-9A37-947552BF6D13} = {04F1E1BE-BAAE-4453-85D5-F9B74151ECD2}
	EndGlobalSection
	GlobalSection(TeamFoundationVersionControl) = preSolution
		SccNumberOfProjects = 48
		SccEnterpriseProvider = {4CA58AB2-18FA-4F8D-95D4-32DDF27D184C}
		SccTeamFoundationServer = https://tfs.codeplex.com/tfs/tfs18
		SccLocalPath0 = .
		SccProjectUniqueName1 = CharMap\\CharMap.csproj
		SccProjectName1 = CharMap
		SccLocalPath1 = CharMap
		SccProjectUniqueName2 = Color\u0020Picker\\colorpickerlib\\colorpickerlib.csproj
		SccProjectName2 = Color\u0020Picker/colorpickerlib
		SccLocalPath2 = Color\u0020Picker\\colorpickerlib
		SccProjectUniqueName3 = Color\u0020Picker\\Gma.UserActivityMonitor\\Gma.UserActivityMonitor.csproj
		SccProjectName3 = Color\u0020Picker/Gma.UserActivityMonitor
		SccLocalPath3 = Color\u0020Picker\\Gma.UserActivityMonitor
		SccProjectUniqueName4 = CoreAudioApi\\CoreAudioApi.csproj
		SccProjectTopLevelParentUniqueName4 = Daytimer.sln
		SccProjectName4 = CoreAudioApi
		SccLocalPath4 = CoreAudioApi
		SccProjectUniqueName5 = Daytimer.Backgrounds\\Daytimer.Backgrounds.csproj
		SccProjectName5 = Daytimer.Backgrounds
		SccLocalPath5 = Daytimer.Backgrounds
		SccProjectUniqueName6 = Daytimer.Controls\\Daytimer.Controls.csproj
		SccProjectName6 = Daytimer.Controls
		SccLocalPath6 = Daytimer.Controls
		SccProjectUniqueName7 = Daytimer.DatabaseHelpers\\Daytimer.DatabaseHelpers.csproj
		SccProjectName7 = Daytimer.DatabaseHelpers
		SccLocalPath7 = Daytimer.DatabaseHelpers
		SccProjectUniqueName8 = Daytimer.Dialogs\\Daytimer.Dialogs.csproj
		SccProjectName8 = Daytimer.Dialogs
		SccLocalPath8 = Daytimer.Dialogs
		SccProjectUniqueName9 = Daytimer.DockableDialogs\\Daytimer.DockableDialogs.csproj
		SccProjectName9 = Daytimer.DockableDialogs
		SccLocalPath9 = Daytimer.DockableDialogs
		SccProjectUniqueName10 = Daytimer.Fonts\\Daytimer.Fonts.csproj
		SccProjectName10 = Daytimer.Fonts
		SccLocalPath10 = Daytimer.Fonts
		SccProjectUniqueName11 = Daytimer.Functions\\Daytimer.Functions.csproj
		SccProjectName11 = Daytimer.Functions
		SccLocalPath11 = Daytimer.Functions
		SccProjectUniqueName12 = Daytimer.Fundamentals\\Daytimer.Fundamentals.csproj
		SccProjectName12 = Daytimer.Fundamentals
		SccLocalPath12 = Daytimer.Fundamentals
		SccProjectUniqueName13 = Daytimer.GoogleCalendarHelpers\\Daytimer.GoogleCalendarHelpers.csproj
		SccProjectName13 = Daytimer.GoogleCalendarHelpers
		SccLocalPath13 = Daytimer.GoogleCalendarHelpers
		SccProjectUniqueName14 = Daytimer.GoogleContactHelpers\\Daytimer.GoogleContactHelpers.csproj
		SccProjectName14 = Daytimer.GoogleContactHelpers
		SccLocalPath14 = Daytimer.GoogleContactHelpers
		SccProjectUniqueName15 = Daytimer.GoogleMapHelpers\\Daytimer.GoogleMapHelpers.csproj
		SccProjectName15 = Daytimer.GoogleMapHelpers
		SccLocalPath15 = Daytimer.GoogleMapHelpers
		SccProjectUniqueName16 = Daytimer.Help\\Daytimer.Help.csproj
		SccProjectName16 = Daytimer.Help
		SccLocalPath16 = Daytimer.Help
		SccProjectUniqueName17 = Daytimer.ICalendarHelpers\\Daytimer.ICalendarHelpers.csproj
		SccProjectName17 = Daytimer.ICalendarHelpers
		SccLocalPath17 = Daytimer.ICalendarHelpers
		SccProjectUniqueName18 = Daytimer.Images\\Daytimer.Images.csproj
		SccProjectName18 = Daytimer.Images
		SccLocalPath18 = Daytimer.Images
		SccProjectUniqueName19 = Daytimer.Logic\\Daytimer.Logic.csproj
		SccProjectName19 = Daytimer.Logic
		SccLocalPath19 = Daytimer.Logic
		SccProjectUniqueName20 = Daytimer.MailHelpers\\Daytimer.MailHelpers.csproj
		SccProjectName20 = Daytimer.MailHelpers
		SccLocalPath20 = Daytimer.MailHelpers
		SccProjectUniqueName21 = Daytimer.PrintHelpers\\Daytimer.PrintHelpers.csproj
		SccProjectName21 = Daytimer.PrintHelpers
		SccLocalPath21 = Daytimer.PrintHelpers
		SccProjectUniqueName22 = Daytimer.Search\\Daytimer.Search.csproj
		SccProjectName22 = Daytimer.Search
		SccLocalPath22 = Daytimer.Search
		SccProjectUniqueName23 = Daytimer.Styles\\Daytimer.Styles.csproj
		SccProjectName23 = Daytimer.Styles
		SccLocalPath23 = Daytimer.Styles
		SccProjectUniqueName24 = Daytimer.Toasts\\Daytimer.Toasts.csproj
		SccProjectName24 = Daytimer.Toasts
		SccLocalPath24 = Daytimer.Toasts
		SccProjectUniqueName25 = Daytimer.WikiQuoteHelper\\Daytimer.WikiQuoteHelper.csproj
		SccProjectName25 = Daytimer.WikiQuoteHelper
		SccLocalPath25 = Daytimer.WikiQuoteHelper
		SccProjectUniqueName26 = Daytimer\\Daytimer.csproj
		SccProjectName26 = Daytimer
		SccLocalPath26 = Daytimer
		SccProjectUniqueName27 = DDay.iCal\\DDay.Collections\\DDay.Collections\\DDay.Collections.csproj
		SccProjectTopLevelParentUniqueName27 = Daytimer.sln
		SccProjectName27 = DDay.iCal/DDay.Collections/DDay.Collections
		SccLocalPath27 = DDay.iCal\\DDay.Collections\\DDay.Collections
		SccProjectUniqueName28 = DDay.iCal\\DDay.iCal\\DDay.iCal.csproj
		SccProjectTopLevelParentUniqueName28 = Daytimer.sln
		SccProjectName28 = DDay.iCal/DDay.iCal
		SccLocalPath28 = DDay.iCal\\DDay.iCal
		SccProjectUniqueName29 = Demo\\Demo.Main\\Demo.Main.csproj
		SccProjectTopLevelParentUniqueName29 = Daytimer.sln
		SccProjectName29 = Demo/Demo.Main
		SccLocalPath29 = Demo\\Demo.Main
		SccProjectUniqueName30 = FirstRun\\FirstRun.csproj
		SccProjectTopLevelParentUniqueName30 = Daytimer.sln
		SccProjectName30 = FirstRun
		SccLocalPath30 = FirstRun
		SccProjectUniqueName31 = JumpTaskImages\\JumpTaskImages.vcxproj
		SccProjectName31 = JumpTaskImages
		SccLocalPath31 = JumpTaskImages
		SccProjectUniqueName32 = Modern\\Modern.FileBrowser\\Modern.FileBrowser.csproj
		SccProjectName32 = Modern/Modern.FileBrowser
		SccLocalPath32 = Modern\\Modern.FileBrowser
		SccProjectUniqueName33 = RecurrenceGenerator\\RecurrenceGenerator.csproj
		SccProjectTopLevelParentUniqueName33 = Daytimer.sln
		SccProjectName33 = RecurrenceGenerator
		SccLocalPath33 = RecurrenceGenerator
		SccProjectUniqueName34 = RibbonControlsLibrary\\v4.0\\RibbonControlsLibrary.csproj
		SccProjectTopLevelParentUniqueName34 = Daytimer.sln
		SccProjectName34 = RibbonControlsLibrary/v4.0
		SccLocalPath34 = RibbonControlsLibrary\\v4.0
		SccProjectUniqueName35 = Setup\\Setup\\Setup.csproj
		SccProjectTopLevelParentUniqueName35 = Daytimer.sln
		SccProjectName35 = Setup/Setup
		SccLocalPath35 = Setup\\Setup
		SccProjectUniqueName36 = Setup\\SetupDependencies\\SetupDependencies.csproj
		SccProjectTopLevelParentUniqueName36 = Daytimer.sln
		SccProjectName36 = Setup/SetupDependencies
		SccLocalPath36 = Setup\\SetupDependencies
		SccProjectUniqueName37 = Setup\\SetupLauncher\\SetupLauncher.vcxproj
		SccProjectTopLevelParentUniqueName37 = Daytimer.sln
		SccProjectName37 = Setup/SetupLauncher
		SccLocalPath37 = Setup\\SetupLauncher
		SccProjectUniqueName38 = Tests\\Daytimer.Controls.Test\\Daytimer.Controls.Test.csproj
		SccProjectTopLevelParentUniqueName38 = Daytimer.sln
		SccProjectName38 = Tests/Daytimer.Controls.Test
		SccLocalPath38 = Tests\\Daytimer.Controls.Test
		SccProjectUniqueName39 = Tests\\Daytimer.DatabaseHelpers.Test\\Daytimer.DatabaseHelpers.Test.csproj
		SccProjectTopLevelParentUniqueName39 = Daytimer.sln
		SccProjectName39 = Tests/Daytimer.DatabaseHelpers.Test
		SccLocalPath39 = Tests\\Daytimer.DatabaseHelpers.Test
		SccProjectUniqueName40 = Tests\\Daytimer.Functions.Test\\Daytimer.Functions.Test.csproj
		SccProjectTopLevelParentUniqueName40 = Daytimer.sln
		SccProjectName40 = Tests/Daytimer.Functions.Test
		SccLocalPath40 = Tests\\Daytimer.Functions.Test
		SccProjectUniqueName41 = Tests\\Daytimer.Functions.UITest\\Daytimer.Functions.UITest.csproj
		SccProjectTopLevelParentUniqueName41 = Daytimer.sln
		SccProjectName41 = Tests/Daytimer.Functions.UITest
		SccLocalPath41 = Tests\\Daytimer.Functions.UITest
		SccProjectUniqueName42 = Tests\\Daytimer.PrintHelpers.Test\\Daytimer.PrintHelpers.Test.csproj
		SccProjectTopLevelParentUniqueName42 = Daytimer.sln
		SccProjectName42 = Tests/Daytimer.PrintHelpers.Test
		SccLocalPath42 = Tests\\Daytimer.PrintHelpers.Test
		SccProjectUniqueName43 = Tests\\Daytimer.Toasts.Test\\Daytimer.Toasts.Test.csproj
		SccProjectTopLevelParentUniqueName43 = Daytimer.sln
		SccProjectName43 = Tests/Daytimer.Toasts.Test
		SccLocalPath43 = Tests\\Daytimer.Toasts.Test
		SccProjectUniqueName44 = Thought.vCards\\Thought.vCards\\Thought.vCards.csproj
		SccProjectTopLevelParentUniqueName44 = Daytimer.sln
		SccProjectName44 = Thought.vCards/Thought.vCards
		SccLocalPath44 = Thought.vCards\\Thought.vCards
		SccProjectUniqueName45 = UpdateManager\\UpdateManager.csproj
		SccProjectTopLevelParentUniqueName45 = Daytimer.sln
		SccProjectName45 = UpdateManager
		SccLocalPath45 = UpdateManager
		SccProjectUniqueName46 = UpdateXmlCreator\\UpdateXmlCreator.csproj
		SccProjectTopLevelParentUniqueName46 = Daytimer.sln
		SccProjectName46 = UpdateXmlCreator
		SccLocalPath46 = UpdateXmlCreator
		SccProjectUniqueName47 = USAAddressParser\\AddressParser\\AddressParser.csproj
		SccProjectTopLevelParentUniqueName47 = Daytimer.sln
		SccProjectName47 = USAAddressParser/AddressParser
		SccLocalPath47 = USAAddressParser\\AddressParser
	EndGlobalSection
EndGlobal
